lockfileVersion: '9.0'

settings:
  autoInstallPeers: true
  excludeLinksFromLockfile: false

importers:

  .:
    dependencies:
      c8y-nitro:
        specifier: ^0.1.2
        version: 0.1.2(@c8y/client@1023.22.6)(nitro@3.0.1-alpha.2(chokidar@5.0.0)(rolldown@1.0.0-rc.2))
      nitro:
        specifier: 3.0.1-alpha.2
        version: 3.0.1-alpha.2(chokidar@5.0.0)(rolldown@1.0.0-rc.2)
    devDependencies:
      rolldown:
        specifier: 1.0.0-rc.2
        version: 1.0.0-rc.2

packages:

  '@c8y/client@1023.22.6':
    resolution: {integrity: sha512-PkasGMOpjIBoih+TwJSBUuwIOUUw3iL+teUrkFFZbUn81uP5A/YTnu9vtdQ+IF1zwKJ7yv9QKAwXUENMWmUZOg==}

  '@emnapi/core@1.8.1':
    resolution: {integrity: sha512-AvT9QFpxK0Zd8J0jopedNm+w/2fIzvtPKPjqyw9jwvBaReTTqPBk9Hixaz7KbjimP+QNz605/XnjFcDAL2pqBg==}

  '@emnapi/runtime@1.8.1':
    resolution: {integrity: sha512-mehfKSMWjjNol8659Z8KxEMrdSJDDot5SXMq00dM8BN4o+CLNXQ0xH2V7EchNHV4RmbZLmmPdEaXZc5H2FXmDg==}

  '@emnapi/wasi-threads@1.1.0':
    resolution: {integrity: sha512-WI0DdZ8xFSbgMjR1sFsKABJ/C5OnRrjT06JXbZKexJGrDuPTzZdDYfFlsgcCXCyf+suG5QU2e/y1Wo2V/OapLQ==}

  '@napi-rs/wasm-runtime@1.1.1':
    resolution: {integrity: sha512-p64ah1M1ld8xjWv3qbvFwHiFVWrq1yFvV4f7w+mzaqiR4IlSgkqhcRdHwsGgomwzBH51sRY4NEowLxnaBjcW/A==}

  '@oxc-minify/binding-android-arm-eabi@0.110.0':
    resolution: {integrity: sha512-43fMTO8/5bMlqfOiNSZNKUzIqeLIYuB9Hr1Ohyf58B1wU11S2dPGibTXOGNaWsfgHy99eeZ1bSgeIHy/fEYqbw==}
    engines: {node: ^20.19.0 || >=22.12.0}
    cpu: [arm]
    os: [android]

  '@oxc-minify/binding-android-arm64@0.110.0':
    resolution: {integrity: sha512-5oQrnn9eK/ccOp80PTrNj0Vq893NPNNRryjGpOIVsYNgWFuoGCfpnKg68oEFcN8bArizYAqw4nvgHljEnar69w==}
    engines: {node: ^20.19.0 || >=22.12.0}
    cpu: [arm64]
    os: [android]

  '@oxc-minify/binding-darwin-arm64@0.110.0':
    resolution: {integrity: sha512-dqBDgTG9tF2z2lrZp9E8wU+Godz1i8gCGSei2eFKS2hRploBOD5dmOLp1j4IMornkPvSQmbwB3uSjPq7fjx4EA==}
    engines: {node: ^20.19.0 || >=22.12.0}
    cpu: [arm64]
    os: [darwin]

  '@oxc-minify/binding-darwin-x64@0.110.0':
    resolution: {integrity: sha512-U0AqabqaooDOpYmeeOye8wClv8PSScELXgOfYqyqgrwH9J9KrpCE1jL8Rlqgz68QbL4mPw3V6sKiiHssI4CLeQ==}
    engines: {node: ^20.19.0 || >=22.12.0}
    cpu: [x64]
    os: [darwin]

  '@oxc-minify/binding-freebsd-x64@0.110.0':
    resolution: {integrity: sha512-H0w8o/Wo1072WSdLfhwwrpFpwZnPpjQODlHuRYkTfsSSSJbTxQtjJd4uxk7YJsRv5RQp69y0I7zvdH6f8Xueyw==}
    engines: {node: ^20.19.0 || >=22.12.0}
    cpu: [x64]
    os: [freebsd]

  '@oxc-minify/binding-linux-arm-gnueabihf@0.110.0':
    resolution: {integrity: sha512-qd6sW0AvEVYZhbVVMGtmKZw3b1zDYGIW+54Uh42moWRAj6i4Jhk/LGr6r9YNZpOINeuvZfkFuEeDD/jbu7xPUA==}
    engines: {node: ^20.19.0 || >=22.12.0}
    cpu: [arm]
    os: [linux]

  '@oxc-minify/binding-linux-arm-musleabihf@0.110.0':
    resolution: {integrity: sha512-7WXP0aXMrWSn0ScppUBi3jf68ebfBG0eri8kxLmBOVSBj6jw1repzkHMITJMBeLr5d0tT/51qFEptiAk2EP2iA==}
    engines: {node: ^20.19.0 || >=22.12.0}
    cpu: [arm]
    os: [linux]

  '@oxc-minify/binding-linux-arm64-gnu@0.110.0':
    resolution: {integrity: sha512-LYfADrq5x1W5gs+u9OIbMbDQNYkAECTXX0ufnAuf3oGmO51rF98kGFR5qJqC/6/csokDyT3wwTpxhE0TkcF/Og==}
    engines: {node: ^20.19.0 || >=22.12.0}
    cpu: [arm64]
    os: [linux]

  '@oxc-minify/binding-linux-arm64-musl@0.110.0':
    resolution: {integrity: sha512-53GjCVY8kvymk9P6qNDh6zyblcehF5QHstq9QgCjv13ONGRnSHjeds0PxIwiihD7h295bxsWs84DN39syLPH4Q==}
    engines: {node: ^20.19.0 || >=22.12.0}
    cpu: [arm64]
    os: [linux]

  '@oxc-minify/binding-linux-ppc64-gnu@0.110.0':
    resolution: {integrity: sha512-li8XcN81dxbJDMBESnTgGhoiAQ+CNIdM0QGscZ4duVPjCry1RpX+5FJySFbGqG3pk4s9ZzlL/vtQtbRzZIZOzg==}
    engines: {node: ^20.19.0 || >=22.12.0}
    cpu: [ppc64]
    os: [linux]

  '@oxc-minify/binding-linux-riscv64-gnu@0.110.0':
    resolution: {integrity: sha512-SweKfsnLKShu6UFV8mwuj1d1wmlNoL/FlAxPUzwjEBgwiT2HQkY24KnjBH+TIA+//1O83kzmWKvvs4OuEhdIEQ==}
    engines: {node: ^20.19.0 || >=22.12.0}
    cpu: [riscv64]
    os: [linux]

  '@oxc-minify/binding-linux-riscv64-musl@0.110.0':
    resolution: {integrity: sha512-oH8G4aFMP8XyTsEpdANC5PQyHgSeGlopHZuW1rpyYcaErg5YaK0vXjQ4EM5HVvPm+feBV24JjxgakTnZoF3aOQ==}
    engines: {node: ^20.19.0 || >=22.12.0}
    cpu: [riscv64]
    os: [linux]

  '@oxc-minify/binding-linux-s390x-gnu@0.110.0':
    resolution: {integrity: sha512-W9na+Vza7XVUlpf8wMt4QBfH35KeTENEmnpPUq3NSlbQHz8lSlSvhAafvo43NcKvHAXV3ckD/mUf2VkqSdbklg==}
    engines: {node: ^20.19.0 || >=22.12.0}
    cpu: [s390x]
    os: [linux]

  '@oxc-minify/binding-linux-x64-gnu@0.110.0':
    resolution: {integrity: sha512-XJdA4mmmXOjJxSRgNJXsDP7Xe8h3gQhmb56hUcCrvq5d+h5UcEi2pR8rxsdIrS8QmkLuBA3eHkGK8E27D7DTgQ==}
    engines: {node: ^20.19.0 || >=22.12.0}
    cpu: [x64]
    os: [linux]

  '@oxc-minify/binding-linux-x64-musl@0.110.0':
    resolution: {integrity: sha512-QqzvALuOTtSckI8x467R4GNArzYDb/yEh6aNzLoeaY1O7vfT7SPDwlOEcchaTznutpeS9Dy8gUS/AfqtUHaufw==}
    engines: {node: ^20.19.0 || >=22.12.0}
    cpu: [x64]
    os: [linux]

  '@oxc-minify/binding-openharmony-arm64@0.110.0':
    resolution: {integrity: sha512-gAMssLs2Q3+uhLZxanh1DF+27Kaug3cf4PXb9AB7XK81DR+LVcKySXaoGYoOs20Co0fFSphd6rRzKge2qDK3dA==}
    engines: {node: ^20.19.0 || >=22.12.0}
    cpu: [arm64]
    os: [openharmony]

  '@oxc-minify/binding-wasm32-wasi@0.110.0':
    resolution: {integrity: sha512-7Wqi5Zjl022bs2zXq+ICdalDPeDuCH/Nhbi8q2isLihAonMVIT0YH2hqqnNEylRNGYck+FJ6gRZwMpGCgrNxPg==}
    engines: {node: '>=14.0.0'}
    cpu: [wasm32]

  '@oxc-minify/binding-win32-arm64-msvc@0.110.0':
    resolution: {integrity: sha512-ZPx+0Tj4dqn41ecyoGotlvekQKy6JxJCixn9Rw7h/dafZ3eDuBcEVh3c2ZoldXXsyMIt5ywI8IWzFZsjNedd5Q==}
    engines: {node: ^20.19.0 || >=22.12.0}
    cpu: [arm64]
    os: [win32]

  '@oxc-minify/binding-win32-ia32-msvc@0.110.0':
    resolution: {integrity: sha512-H0Oyd3RWBfpEyvJIrFK94RYiY7KKSQl11Ym7LMDwLEagelIAfRCkt1amHZhFa/S3ZRoaOJFXzEw4YKeSsjVFsg==}
    engines: {node: ^20.19.0 || >=22.12.0}
    cpu: [ia32]
    os: [win32]

  '@oxc-minify/binding-win32-x64-msvc@0.110.0':
    resolution: {integrity: sha512-Hr3nK90+qXKJ2kepXwFIcNfQQIOBecB4FFCyaMMypthoEEhVP08heRynj4eSXZ8NL9hLjs3fQzH8PJXfpznRnQ==}
    engines: {node: ^20.19.0 || >=22.12.0}
    cpu: [x64]
    os: [win32]

  '@oxc-project/types@0.111.0':
    resolution: {integrity: sha512-bh54LJMafgRGl2cPQ/QM+tI5rWaShm/wK9KywEj/w36MhiPKXYM67H2y3q+9pr4YO7ufwg2AKdBAZkhHBD8ClA==}

  '@oxc-transform/binding-android-arm-eabi@0.110.0':
    resolution: {integrity: sha512-sE9dxvqqAax1YYJ3t7j+h5ZSI9jl6dYuDfngl6ieZUrIy5P89/8JKVgAzgp8o3wQSo7ndpJvYsi1K4ZqrmbP7w==}
    engines: {node: ^20.19.0 || >=22.12.0}
    cpu: [arm]
    os: [android]

  '@oxc-transform/binding-android-arm64@0.110.0':
    resolution: {integrity: sha512-nqtbP4aMCtsCZ6qpHlHaQoWVHSBtlKzwaAgwEOvR+9DWqHjk31BHvpGiDXlMeed6CVNpl3lCbWgygb3RcSjcfw==}
    engines: {node: ^20.19.0 || >=22.12.0}
    cpu: [arm64]
    os: [android]

  '@oxc-transform/binding-darwin-arm64@0.110.0':
    resolution: {integrity: sha512-oeSeHnL4Z4cMXtc8V0/rwoVn0dgwlS9q0j6LcHn9dIhtFEdp3W0iSBF8YmMQA+E7sILeLDjsHmHE4Kp0sOScXw==}
    engines: {node: ^20.19.0 || >=22.12.0}
    cpu: [arm64]
    os: [darwin]

  '@oxc-transform/binding-darwin-x64@0.110.0':
    resolution: {integrity: sha512-nL9K5x7OuZydobAGPylsEW9d4APs2qEkIBLMgQPA+kY8dtVD3IR87QsTbs4l4DBQYyun/+ay6qVCDlxqxdX2Jg==}
    engines: {node: ^20.19.0 || >=22.12.0}
    cpu: [x64]
    os: [darwin]

  '@oxc-transform/binding-freebsd-x64@0.110.0':
    resolution: {integrity: sha512-GS29zXXirDQhZEUq8xKJ1azAWMuUy3Ih3W5Bc5ddk12LRthO5wRLFcKIyeHpAXCoXymQ+LmxbMtbPf84GPxouw==}
    engines: {node: ^20.19.0 || >=22.12.0}
    cpu: [x64]
    os: [freebsd]

  '@oxc-transform/binding-linux-arm-gnueabihf@0.110.0':
    resolution: {integrity: sha512-glzDHak8ISyZJemCUi7RCvzNSl+MQ1ly9RceT2qRufhUsvNZ4C/2QLJ1HJwd2N6E88bO4laYn+RofdRzNnGGEA==}
    engines: {node: ^20.19.0 || >=22.12.0}
    cpu: [arm]
    os: [linux]

  '@oxc-transform/binding-linux-arm-musleabihf@0.110.0':
    resolution: {integrity: sha512-8JThvgJ2FRoTVfbp7e4wqeZqCZbtudM06SfZmNzND9kPNu/LVYygIR+72RWs+xm4bWkuYHg/islo/boNPtMT5Q==}
    engines: {node: ^20.19.0 || >=22.12.0}
    cpu: [arm]
    os: [linux]

  '@oxc-transform/binding-linux-arm64-gnu@0.110.0':
    resolution: {integrity: sha512-IRh21Ub/g4bkHoErZ0AUWMlWfoZaS0A6EaOVtbcY70RSYIMlrsbjiFwJCzM+b/1DD1rXbH5tsGcH7GweTbfRqg==}
    engines: {node: ^20.19.0 || >=22.12.0}
    cpu: [arm64]
    os: [linux]

  '@oxc-transform/binding-linux-arm64-musl@0.110.0':
    resolution: {integrity: sha512-e5JN94/oy+wevk76q+LMr+2klTTcO60uXa+Wkq558Ms7mdF2TvkKFI++d/JeiuIwJLTi/BxQ4qdT5FWcsHM/ug==}
    engines: {node: ^20.19.0 || >=22.12.0}
    cpu: [arm64]
    os: [linux]

  '@oxc-transform/binding-linux-ppc64-gnu@0.110.0':
    resolution: {integrity: sha512-Y3/Tnnz1GvDpmv8FXBIKtdZPsdZklOEPdrL6NHrN5i2u54BOkybFaDSptgWF53wOrJlTrcmAVSE6fRKK9XCM2Q==}
    engines: {node: ^20.19.0 || >=22.12.0}
    cpu: [ppc64]
    os: [linux]

  '@oxc-transform/binding-linux-riscv64-gnu@0.110.0':
    resolution: {integrity: sha512-Y0E35iA9/v9jlkNcP6tMJ+ZFOS0rLsWDqG6rU9z+X2R3fBFJBO9UARIK6ngx8upxk81y1TFR2CmBFhupfYdH6Q==}
    engines: {node: ^20.19.0 || >=22.12.0}
    cpu: [riscv64]
    os: [linux]

  '@oxc-transform/binding-linux-riscv64-musl@0.110.0':
    resolution: {integrity: sha512-JOUSYFfHjBUs7xp2FHmZHb8eTYD/oEu0NklS6JgUauqnoXZHiTLPLVW2o2uVCqldnabYHcomuwI2iqVFYJNhTw==}
    engines: {node: ^20.19.0 || >=22.12.0}
    cpu: [riscv64]
    os: [linux]

  '@oxc-transform/binding-linux-s390x-gnu@0.110.0':
    resolution: {integrity: sha512-7blgoXF9D3Ngzb7eun23pNrHJpoV/TtE6LObwlZ3Nmb4oZ6Z+yMvBVaoW68NarbmvNGfZ95zrOjgm6cVETLYBA==}
    engines: {node: ^20.19.0 || >=22.12.0}
    cpu: [s390x]
    os: [linux]

  '@oxc-transform/binding-linux-x64-gnu@0.110.0':
    resolution: {integrity: sha512-YQ2joGWCVDZVEU2cD/r/w49hVjDm/Qu1BvC/7zs8LvprzdLS/HyMXGF2oA0puw0b+AqgYaz3bhwKB2xexHyITQ==}
    engines: {node: ^20.19.0 || >=22.12.0}
    cpu: [x64]
    os: [linux]

  '@oxc-transform/binding-linux-x64-musl@0.110.0':
    resolution: {integrity: sha512-fkjr5qE632ULmNgvFXWDR/8668WxERz3tU7TQFp6JebPBneColitjSkdx6VKNVXEoMmQnOvBIGeP5tUNT384oA==}
    engines: {node: ^20.19.0 || >=22.12.0}
    cpu: [x64]
    os: [linux]

  '@oxc-transform/binding-openharmony-arm64@0.110.0':
    resolution: {integrity: sha512-HWH9Zj+lMrdSTqFRCZsvDWMz7OnMjbdGsm3xURXWfRZpuaz0bVvyuZNDQXc4FyyhRDsemICaJbU1bgeIpUJDGw==}
    engines: {node: ^20.19.0 || >=22.12.0}
    cpu: [arm64]
    os: [openharmony]

  '@oxc-transform/binding-wasm32-wasi@0.110.0':
    resolution: {integrity: sha512-ejdxHmYfIcHDPhZUe3WklViLt9mDEJE5BzcW7+R1vc5i/5JFA8D0l7NUSsHBJ7FB8Bu9gF+5iMDm6cXGAgaghw==}
    engines: {node: '>=14.0.0'}
    cpu: [wasm32]

  '@oxc-transform/binding-win32-arm64-msvc@0.110.0':
    resolution: {integrity: sha512-9VTwpXCZs7xkV+mKhQ62dVk7KLnLXtEUxNS2T4nLz3iMl1IJbA4h5oltK0JoobtiUAnbkV53QmMVGW8+Nh3bDQ==}
    engines: {node: ^20.19.0 || >=22.12.0}
    cpu: [arm64]
    os: [win32]

  '@oxc-transform/binding-win32-ia32-msvc@0.110.0':
    resolution: {integrity: sha512-5y0fzuNON7/F2hh2P94vANFaRPJ/3DI1hVl5rseCT8VUVqOGIjWaza0YS/D1g6t1WwycW2LWDMi2raOKoWU5GQ==}
    engines: {node: ^20.19.0 || >=22.12.0}
    cpu: [ia32]
    os: [win32]

  '@oxc-transform/binding-win32-x64-msvc@0.110.0':
    resolution: {integrity: sha512-QROrowwlrApI1fEScMknGWKM6GTM/Z2xwMnDqvSaEmzNazBsDUlE08Jasw610hFEsYAVU2K5sp/YaCa9ORdP4A==}
    engines: {node: ^20.19.0 || >=22.12.0}
    cpu: [x64]
    os: [win32]

  '@rolldown/binding-android-arm64@1.0.0-rc.2':
    resolution: {integrity: sha512-AGV80viZ4Hil4C16GFH+PSwq10jclV9oyRFhD+5HdowPOCJ+G+99N5AClQvMkUMIahTY8cX0SQpKEEWcCg6fSA==}
    engines: {node: ^20.19.0 || >=22.12.0}
    cpu: [arm64]
    os: [android]

  '@rolldown/binding-darwin-arm64@1.0.0-rc.2':
    resolution: {integrity: sha512-PYR+PQu1mMmQiiKHN2JiOctvH32Xc/Mf+Su2RSmWtC9BbIqlqsVWjbulnShk0imjRim0IsbkMMCN5vYQwiuqaA==}
    engines: {node: ^20.19.0 || >=22.12.0}
    cpu: [arm64]
    os: [darwin]

  '@rolldown/binding-darwin-x64@1.0.0-rc.2':
    resolution: {integrity: sha512-X2G36Z6oh5ynoYpE2JAyG+uQ4kO/3N7XydM/I98FNk8VVgDKjajFF+v7TXJ2FMq6xa7Xm0UIUKHW2MRQroqoUA==}
    engines: {node: ^20.19.0 || >=22.12.0}
    cpu: [x64]
    os: [darwin]

  '@rolldown/binding-freebsd-x64@1.0.0-rc.2':
    resolution: {integrity: sha512-XpiFTsl9qjiDfrmJF6CE3dgj1nmSbxUIT+p2HIbXV6WOj/32btO8FKkWSsOphUwVinEt3R8HVkVrcLtFNruMMQ==}
    engines: {node: ^20.19.0 || >=22.12.0}
    cpu: [x64]
    os: [freebsd]

  '@rolldown/binding-linux-arm-gnueabihf@1.0.0-rc.2':
    resolution: {integrity: sha512-zjYZ99e47Wlygs4hW+sQ+kshlO8ake9OoY2ecnJ9cwpDGiiIB9rQ3LgP3kt8j6IeVyMSksu//VEhc8Mrd1lRIw==}
    engines: {node: ^20.19.0 || >=22.12.0}
    cpu: [arm]
    os: [linux]

  '@rolldown/binding-linux-arm64-gnu@1.0.0-rc.2':
    resolution: {integrity: sha512-Piso04EZ9IHV1aZSsLQVMOPTiCq4Ps2UPL3pchjNXHGJGFiB9U42s22LubPaEBFS+i6tCawS5EarIwex1zC4BA==}
    engines: {node: ^20.19.0 || >=22.12.0}
    cpu: [arm64]
    os: [linux]

  '@rolldown/binding-linux-arm64-musl@1.0.0-rc.2':
    resolution: {integrity: sha512-OwJCeMZlmjKsN9pfJfTmqYpe3JC+L6RO87+hu9ajRLr1Lh6cM2FRQ8e48DLRyRDww8Ti695XQvqEANEMmsuzLw==}
    engines: {node: ^20.19.0 || >=22.12.0}
    cpu: [arm64]
    os: [linux]

  '@rolldown/binding-linux-x64-gnu@1.0.0-rc.2':
    resolution: {integrity: sha512-uQqBmA8dTWbKvfqbeSsXNUssRGfdgQCc0hkGfhQN7Pf85wG2h0Fd/z2d+ykyT4YbcsjQdgEGxBNsg3v4ekOuEA==}
    engines: {node: ^20.19.0 || >=22.12.0}
    cpu: [x64]
    os: [linux]

  '@rolldown/binding-linux-x64-musl@1.0.0-rc.2':
    resolution: {integrity: sha512-ItZabVsICCYWHbP+jcAgNzjPAYg5GIVQp/NpqT6iOgWctaMYtobClc5m0kNtxwqfNrLXoyt998xUey4AvcxnGQ==}
    engines: {node: ^20.19.0 || >=22.12.0}
    cpu: [x64]
    os: [linux]

  '@rolldown/binding-openharmony-arm64@1.0.0-rc.2':
    resolution: {integrity: sha512-U4UYANwafcMXSUC0VqdrqTAgCo2v8T7SiuTYwVFXgia0KOl8jiv3okwCFqeZNuw/G6EWDiqhT8kK1DLgyLsxow==}
    engines: {node: ^20.19.0 || >=22.12.0}
    cpu: [arm64]
    os: [openharmony]

  '@rolldown/binding-wasm32-wasi@1.0.0-rc.2':
    resolution: {integrity: sha512-ZIWCjQsMon4tqRoao0Vzowjwx0cmFT3kublh2nNlgeasIJMWlIGHtr0d4fPypm57Rqx4o1h4L8SweoK2q6sMGA==}
    engines: {node: '>=14.0.0'}
    cpu: [wasm32]

  '@rolldown/binding-win32-arm64-msvc@1.0.0-rc.2':
    resolution: {integrity: sha512-NIo7vwRUPEzZ4MuZGr5YbDdjJ84xdiG+YYf8ZBfTgvIsk9wM0sZamJPEXvaLkzVIHpOw5uqEHXS85Gqqb7aaqQ==}
    engines: {node: ^20.19.0 || >=22.12.0}
    cpu: [arm64]
    os: [win32]

  '@rolldown/binding-win32-x64-msvc@1.0.0-rc.2':
    resolution: {integrity: sha512-bLKzyLFbvngeNPZocuLo3LILrKwCrkyMxmRXs6fZYDrvh7cyZRw9v56maDL9ipPas0OOmQK1kAKYwvTs30G21Q==}
    engines: {node: ^20.19.0 || >=22.12.0}
    cpu: [x64]
    os: [win32]

  '@rolldown/pluginutils@1.0.0-rc.2':
    resolution: {integrity: sha512-izyXV/v+cHiRfozX62W9htOAvwMo4/bXKDrQ+vom1L1qRuexPock/7VZDAhnpHCLNejd3NJ6hiab+tO0D44Rgw==}

  '@tybys/wasm-util@0.10.1':
    resolution: {integrity: sha512-9tTaPJLSiejZKx+Bmog4uSubteqTvFrVrURwkmHixBo0G4seD0zUxp98E1DzUBJxLQ3NPwXrGKDiVjwx/DpPsg==}

  '@types/cometd@4.0.8':
    resolution: {integrity: sha512-FP1izojjD5kjIoGKfyCyIYMON6p3WQ2H+zrdCdQtYzahO+5IggmwCYZ0hruCv8m/sOJqFpBOJLTt1iGa3oy/kQ==}

  '@types/node@20.19.30':
    resolution: {integrity: sha512-WJtwWJu7UdlvzEAUm484QNg5eAoq5QR08KDNx7g45Usrs2NtOPiX8ugDqmKdXkyL03rBqU5dYNYVQetEpBHq2g==}

  ansi-regex@4.1.1:
    resolution: {integrity: sha512-ILlv4k/3f6vfQ4OoP2AGvirOktlQ98ZEL1k9FaQjxa3L1abBgbuTDAdPOpvbGncC0BTVQrl+OM8xZGK6tWXt7g==}
    engines: {node: '>=6'}

  ansi-styles@3.2.1:
    resolution: {integrity: sha512-VT0ZI6kZRdTh8YyJw3SMbYm/u+NqfsAxEpWO0Pf9sq8/e94WxxOpPKx9FR1FlyCtOVDNOQ+8ntlqFxiRc+r5qA==}
    engines: {node: '>=4'}

  asynckit@0.4.0:
    resolution: {integrity: sha512-Oei9OH4tRh0YqU3GxhX79dM/mwVgvbZJaSNaRk+bshkj0S5cfHcgYakreBjrHwatXKbz+IoIdYLxrKim2MjW0Q==}

  b2a@1.1.2:
    resolution: {integrity: sha512-Ee7SUAyWeIx4ICRygOi7dVlGpHRxynsaLIZwOtHtGKls3LhLchTRk5KrI0O8ioWqy94ikkE8Z2Li3LWNd027/A==}
    engines: {node: '>=4'}

  c12@3.3.3:
    resolution: {integrity: sha512-750hTRvgBy5kcMNPdh95Qo+XUBeGo8C7nsKSmedDmaQI+E0r82DwHeM6vBewDe4rGFbnxoa4V9pw+sPh5+Iz8Q==}
    peerDependencies:
      magicast: '*'
    peerDependenciesMeta:
      magicast:
        optional: true

  c8y-nitro@0.1.2:
    resolution: {integrity: sha512-gmJTnUvww+h5erL4ervEG3gElPl33H0DbdSAFNSqiC6NVvz8A3XCkB3VCBjQ225ITvwOXO7w5eW/cEFswQlSIg==}
    engines: {node: '>=24.0.0'}
    hasBin: true
    peerDependencies:
      '@c8y/client': '>=1021'
      nitro: v3.0.1-alpha.2

  call-bind-apply-helpers@1.0.2:
    resolution: {integrity: sha512-Sp1ablJ0ivDkSzjcaJdxEunN5/XvksFJ2sMBFfq6x0ryhQV/2b/KwFe21cMpmHtPOSij8K99/wSfoEuTObmuMQ==}
    engines: {node: '>= 0.4'}

  chalk@2.4.2:
    resolution: {integrity: sha512-Mti+f9lpJNcwF4tWV8/OrTTtF1gZi+f8FqlyAdouralcFWFQWF2+NgCHShjkCb+IFBLq9buZwE1xckQU4peSuQ==}
    engines: {node: '>=4'}

  chokidar@5.0.0:
    resolution: {integrity: sha512-TQMmc3w+5AxjpL8iIiwebF73dRDF4fBIieAqGn9RGCWaEVwQ6Fb2cGe31Yns0RRIzii5goJ1Y7xbMwo1TxMplw==}
    engines: {node: '>= 20.19.0'}

  citty@0.1.6:
    resolution: {integrity: sha512-tskPPKEs8D2KPafUypv2gxwJP8h/OaJmC82QQGGDQcHvXX43xF2VDACcJVmZ0EuSxkpO9Kc4MlrA3q0+FG58AQ==}

  citty@0.2.0:
    resolution: {integrity: sha512-8csy5IBFI2ex2hTVpaHN2j+LNE199AgiI7y4dMintrr8i0lQiFn+0AWMZrWdHKIgMOer65f8IThysYhoReqjWA==}

  cli-cursor@3.1.0:
    resolution: {integrity: sha512-I/zHAwsKf9FqGoXM4WWRACob9+SNukZTd94DWF57E4toouRulbCxcUh6RKUEOQlYTHJnzkPMySvPNaaSLNfLZw==}
    engines: {node: '>=8'}

  color-convert@1.9.3:
    resolution: {integrity: sha512-QfAUtd+vFdAtFQcC8CCyYt1fYWxSqAiK2cSD6zDB8N3cpsEBAvRxp9zOGg6G/SHHJYAT88/az/IuDGALsNVbGg==}

  color-name@1.1.3:
    resolution: {integrity: sha512-72fSenhMw2HZMTVHeCA9KCmpEIbzWiQsjN+BHcBbS9vr1mtt+vJjPdksIBNUmKAW8TFUDPJK5SUU3QhE9NEXDw==}

  combined-stream@1.0.8:
    resolution: {integrity: sha512-FQN4MRfuJeHf7cBbBMJFXhKSDq+2kAArBlmRBvcvFE5BB1HZKXtSFASDhdlz9zOYwxh8lDdnvmMOe/+5cdoEdg==}
    engines: {node: '>= 0.8'}

  cometd-nodejs-client@1.0.2:
    resolution: {integrity: sha512-V49AZtxrEhbHRSSTYdTB0i8SGa5ip3iwbTfboVEku5/H9fMAw4GkFnzzKSBU96jCNkTq46vIuN1V5UhUIeCjMA==}

  cometd@4.0.8:
    resolution: {integrity: sha512-HvbLklF0ByT/ZOICgu6O2TQYXSRyuHYFLfvr9MrjrN1C79JHitHpQ/phD1Kiut3NyjPrt/6jjXCpKbfsxRl71w==}

  confbox@0.2.2:
    resolution: {integrity: sha512-1NB+BKqhtNipMsov4xI/NnhCKp9XG9NamYp5PVm9klAT0fsrNPjaFICsCFhNhwZJKNh7zB/3q8qXz0E9oaMNtQ==}

  consola@3.4.2:
    resolution: {integrity: sha512-5IKcdX0nnYavi6G7TtOhwkYzyjfJlatbjMjuLSfE2kYT5pMDOilZ4OvMhi637CcDICTmz3wARPoyhqyX1Y+XvA==}
    engines: {node: ^14.18.0 || >=16.10.0}

  core-util-is@1.0.3:
    resolution: {integrity: sha512-ZQBvi1DcpJ4GDqanjucZ2Hj3wEO5pZDS89BWbkcrvdxksJorwUDDZamX9ldFkp9aw2lmBDLgkObEA4DWNJ9FYQ==}

  cross-fetch@4.1.0:
    resolution: {integrity: sha512-uKm5PU+MHTootlWEY+mZ4vvXoCn4fLQxT9dSc1sXVMSFkINTJVN8cAQROpwcKm8bJ/c7rgZVIBWzH5T78sNZZw==}

  crossws@0.4.4:
    resolution: {integrity: sha512-w6c4OdpRNnudVmcgr7brb/+/HmYjMQvYToO/oTrprTwxRUiom3LYWU1PMWuD006okbUWpII1Ea9/+kwpUfmyRg==}
    peerDependencies:
      srvx: '>=0.7.1'
    peerDependenciesMeta:
      srvx:
        optional: true

  db0@0.3.4:
    resolution: {integrity: sha512-RiXXi4WaNzPTHEOu8UPQKMooIbqOEyqA1t7Z6MsdxSCeb8iUC9ko3LcmsLmeUt2SM5bctfArZKkRQggKZz7JNw==}
    peerDependencies:
      '@electric-sql/pglite': '*'
      '@libsql/client': '*'
      better-sqlite3: '*'
      drizzle-orm: '*'
      mysql2: '*'
      sqlite3: '*'
    peerDependenciesMeta:
      '@electric-sql/pglite':
        optional: true
      '@libsql/client':
        optional: true
      better-sqlite3:
        optional: true
      drizzle-orm:
        optional: true
      mysql2:
        optional: true
      sqlite3:
        optional: true

  defu@6.1.4:
    resolution: {integrity: sha512-mEQCMmwJu317oSz8CwdIOdwf3xMif1ttiM8LTufzc3g6kR+9Pe236twL8j3IYT1F7GfRgGcW6MWxzZjLIkuHIg==}

  delayed-stream@1.0.0:
    resolution: {integrity: sha512-ZySD7Nf91aLB0RxL4KGrKHBXl7Eds1DAmEdcoVawXnLD7SDhpNgtuII2aAkg7a7QS41jxPSZ17p4VdGnMHk3MQ==}
    engines: {node: '>=0.4.0'}

  destr@2.0.5:
    resolution: {integrity: sha512-ugFTXCtDZunbzasqBxrK93Ik/DRYsO6S/fedkWEMKqt04xZ4csmnmwGDBAb07QWNaGMAmnTIemsYZCksjATwsA==}

  dotenv@17.2.3:
    resolution: {integrity: sha512-JVUnt+DUIzu87TABbhPmNfVdBDt18BLOWjMUFJMSi/Qqg7NTYtabbvSNJGOJ7afbRuv9D/lngizHtP7QyLQ+9w==}
    engines: {node: '>=12'}

  dunder-proto@1.0.1:
    resolution: {integrity: sha512-KIN/nDJBQRcXw0MLVhZE9iQHmG68qAVIBg9CqmUYjmQIhgij9U5MFvrqkUL5FbtyyzZuOeOt0zdeRe4UY7ct+A==}
    engines: {node: '>= 0.4'}

  es-define-property@1.0.1:
    resolution: {integrity: sha512-e3nRfgfUZ4rNGL232gUgX06QNyyez04KdjFrF+LTRoOXmrOgFKDg4BCdsjW8EnT69eqdYGmRpJwiPVYNrCaW3g==}
    engines: {node: '>= 0.4'}

  es-errors@1.3.0:
    resolution: {integrity: sha512-Zf5H2Kxt2xjTvbJvP2ZWLEICxA6j+hAmMzIlypy4xcBg1vKVnx89Wy0GbS+kf5cwCVFFzdCFh2XSCFNULS6csw==}
    engines: {node: '>= 0.4'}

  es-object-atoms@1.1.1:
    resolution: {integrity: sha512-FGgH2h8zKNim9ljj7dankFPcICIK9Cp5bm+c2gQSYePhpaG5+esrLODihIorn+Pe6FGJzWhXQotPv73jTaldXA==}
    engines: {node: '>= 0.4'}

  es-set-tostringtag@2.1.0:
    resolution: {integrity: sha512-j6vWzfrGVfyXxge+O0x5sh6cvxAog0a/4Rdd2K36zCMV5eJ+/+tOAngRO8cODMNWbVRdVlmGZQL2YS3yR8bIUA==}
    engines: {node: '>= 0.4'}

  escape-string-regexp@1.0.5:
    resolution: {integrity: sha512-vbRorB5FUQWvla16U8R/qgaFIya2qGzwDrNmCZuYKrbdSUMG6I1ZCGQRefkRVhuOkIGVne7BQ35DSfo1qvJqFg==}
    engines: {node: '>=0.8.0'}

  exsolve@1.0.8:
    resolution: {integrity: sha512-LmDxfWXwcTArk8fUEnOfSZpHOJ6zOMUJKOtFLFqJLoKJetuQG874Uc7/Kki7zFLzYybmZhp1M7+98pfMqeX8yA==}

  form-data@4.0.4:
    resolution: {integrity: sha512-KrGhL9Q4zjj0kiUt5OO4Mr/A/jlI2jDYs5eHBpYHPcBEVSiipAvn2Ko2HnPe20rmcuuvMHNdZFp+4IlGTMF0Ow==}
    engines: {node: '>= 6'}

  function-bind@1.1.2:
    resolution: {integrity: sha512-7XHNxH7qX9xG5mIwxkhumTox/MIRNcOgDrxWsMt2pAr23WHp6MrRlN7FBSFpCpr+oVO0F744iUgR82nJMfG2SA==}

  get-intrinsic@1.3.0:
    resolution: {integrity: sha512-9fSjSaos/fRIVIp+xSJlE6lfwhES7LNtKaCBIamHsjr2na1BiABJPo0mOjjz8GJDURarmCPGqaiVg5mfjb98CQ==}
    engines: {node: '>= 0.4'}

  get-proto@1.0.1:
    resolution: {integrity: sha512-sTSfBjoXBp89JvIKIefqw7U2CCebsc74kiY6awiGogKtoSGbgjYE/G/+l9sF3MWFPNc9IcoOC4ODfKHfxFmp0g==}
    engines: {node: '>= 0.4'}

  giget@2.0.0:
    resolution: {integrity: sha512-L5bGsVkxJbJgdnwyuheIunkGatUF/zssUoxxjACCseZYAVbaqdh9Tsmmlkl8vYan09H7sbvKt4pS8GqKLBrEzA==}
    hasBin: true

  gopd@1.2.0:
    resolution: {integrity: sha512-ZUKRh6/kUFoAiTAtTYPZJ3hw9wNxx+BIBOijnlG9PnrJsCcSjs1wyyD6vJpaYtgnzDrKYRSqf3OO6Rfa93xsRg==}
    engines: {node: '>= 0.4'}

  h3@2.0.1-rc.11:
    resolution: {integrity: sha512-2myzjCqy32c1As9TjZW9fNZXtLqNedjFSrdFy2AjFBQQ3LzrnGoDdFDYfC0tV2e4vcyfJ2Sfo/F6NQhO2Ly/Mw==}
    engines: {node: '>=20.11.1'}
    peerDependencies:
      crossws: ^0.4.1
    peerDependenciesMeta:
      crossws:
        optional: true

  has-flag@3.0.0:
    resolution: {integrity: sha512-sKJf1+ceQBr4SMkvQnBDNDtf4TXpVhVGateu0t918bl30FnbE2m4vNLX+VWe/dpjlb+HugGYzW7uQXH98HPEYw==}
    engines: {node: '>=4'}

  has-symbols@1.1.0:
    resolution: {integrity: sha512-1cDNdwJ2Jaohmb3sg4OmKaMBwuC48sYni5HUw2DvsC8LjGTLK9h+eb1X6RyuOHe4hT0ULCW68iomhjUoKUqlPQ==}
    engines: {node: '>= 0.4'}

  has-tostringtag@1.0.2:
    resolution: {integrity: sha512-NqADB8VjPFLM2V0VvHUewwwsw0ZWBaIdgo+ieHtK3hasLz4qeCRjYcqfB6AQrBggRKppKF8L52/VqdVsO47Dlw==}
    engines: {node: '>= 0.4'}

  hasown@2.0.2:
    resolution: {integrity: sha512-0hJU9SCPvmMzIBdZFqNPXWa6dqh7WdH0cII9y+CyS8rG3nL48Bclra9HmKhVVUHyPWNH5Y7xDwAB7bfgSjkUMQ==}
    engines: {node: '>= 0.4'}

  immediate@3.0.6:
    resolution: {integrity: sha512-XXOFtyqDjNDAQxVfYxuF7g9Il/IbWmmlQg2MYKOH8ExIT1qg6xc4zyS3HaEEATgs1btfzxq15ciUiY7gjSXRGQ==}

  inherits@2.0.4:
    resolution: {integrity: sha512-k/vGaX4/Yla3WzyMCvTQOXYeIHvqOKtnqBduzTHpzpQZzAskKMhZ2K+EnBiSM9zGSoIFeMpXKxa4dYeZIQqewQ==}

  isarray@1.0.0:
    resolution: {integrity: sha512-VLghIWNM6ELQzo7zwmcg0NmTVyWKYjvIeM83yjp0wRDTmUnrM678fQbcKBo6n2CJEF0szoG//ytg+TKla89ALQ==}

  isomorphic-cometd@1.1.0:
    resolution: {integrity: sha512-o0iUTH562Ierb3mhtiwDZWLmfGUxu6PF7sCcX9KjvBJM91h3kHBOdNhTNqgEgSoco+UvgCBBsT7Ec0oPo9xgKQ==}
    peerDependencies:
      cometd: '>= 3.1.4'
      cometd-nodejs-client: '>= 1.0.2'

  jiti@2.6.1:
    resolution: {integrity: sha512-ekilCSN1jwRvIbgeg/57YFh8qQDNbwDb9xT/qu2DAHbFFZUicIl4ygVaAvzveMhMVr3LnpSKTNnwt8PoOfmKhQ==}
    hasBin: true

  jszip@3.10.1:
    resolution: {integrity: sha512-xXDvecyTpGLrqFrvkrUSoxxfJI5AH7U8zxxtVclpsUtMCq4JQ290LY8AW5c7Ggnr/Y/oK+bQMbqK2qmtk3pN4g==}

  lie@3.3.0:
    resolution: {integrity: sha512-UaiMJzeWRlEujzAuw5LokY1L5ecNQYZKfmyZ9L7wDHb/p5etKaxXhohBcrw0EYby+G/NA52vRSN4N39dxHAIwQ==}

  math-intrinsics@1.1.0:
    resolution: {integrity: sha512-/IXtbwEk5HTPyEwyKX6hGkYXxM9nbj64B+ilVJnC/R6B0pH5G4V3b0pVbL7DBj4tkhBAppbQUlf6F6Xl9LHu1g==}
    engines: {node: '>= 0.4'}

  mime-db@1.52.0:
    resolution: {integrity: sha512-sPU4uV7dYlvtWJxwwxHD0PuihVNiE7TyAbQ5SWxDCB9mUYvOgroQOwYQQOKPJ8CIbE+1ETVlOoK1UC2nU3gYvg==}
    engines: {node: '>= 0.6'}

  mime-types@2.1.35:
    resolution: {integrity: sha512-ZDY+bPm5zTTF+YpCrAU9nK0UgICYPT0QtT1NZWFv4s++TNkcgVaT0g6+4R2uI4MjQjzysHB1zxuWL50hzaeXiw==}
    engines: {node: '>= 0.6'}

  mimic-fn@2.1.0:
    resolution: {integrity: sha512-OqbOk5oEQeAZ8WXWydlu9HJjz9WVdEIvamMCcXmuqUYjTknH/sqsWvhQ3vgwKFRR1HpjvNBKQ37nbJgYzGqGcg==}
    engines: {node: '>=6'}

  nf3@0.3.7:
    resolution: {integrity: sha512-wL73kyZbBoeTWlvQWQ0gQDZnqp+aNlUN5YIqsc3fv5V/06LAlwrwt+G7TpugFLJIai0AhrmnKJ2kgW0xprj+yQ==}

  nitro@3.0.1-alpha.2:
    resolution: {integrity: sha512-YviDY5J/trS821qQ1fpJtpXWIdPYiOizC/meHavlm1Hfuhx//H+Egd1+4C5SegJRgtWMnRPW9n//6Woaw81cTQ==}
    engines: {node: ^20.19.0 || >=22.12.0}
    hasBin: true
    peerDependencies:
      rolldown: '>=1.0.0-beta.0'
      rollup: ^4
      vite: ^7 || ^8 || >=8.0.0-0
      xml2js: ^0.6.2
    peerDependenciesMeta:
      rolldown:
        optional: true
      rollup:
        optional: true
      vite:
        optional: true
      xml2js:
        optional: true

  node-fetch-native@1.6.7:
    resolution: {integrity: sha512-g9yhqoedzIUm0nTnTqAQvueMPVOuIY16bqgAJJC8XOOubYFNwz6IER9qs0Gq2Xd0+CecCKFjtdDTMA4u4xG06Q==}

  node-fetch@2.7.0:
    resolution: {integrity: sha512-c4FRfUm/dbcWZ7U+1Wq0AwCyFL+3nt2bEw05wfxSz+DWpWsitgmSgYmy2dQdWyKC1694ELPqMs/YzUSNozLt8A==}
    engines: {node: 4.x || >=6.0.0}
    peerDependencies:
      encoding: ^0.1.0
    peerDependenciesMeta:
      encoding:
        optional: true

  nypm@0.6.4:
    resolution: {integrity: sha512-1TvCKjZyyklN+JJj2TS3P4uSQEInrM/HkkuSXsEzm1ApPgBffOn8gFguNnZf07r/1X6vlryfIqMUkJKQMzlZiw==}
    engines: {node: '>=18'}
    hasBin: true

  ofetch@2.0.0-alpha.3:
    resolution: {integrity: sha512-zpYTCs2byOuft65vI3z43Dd6iSdFbOZZLb9/d21aCpx2rGastVU9dOCv0lu4ykc1Ur1anAYjDi3SUvR0vq50JA==}

  ohash@2.0.11:
    resolution: {integrity: sha512-RdR9FQrFwNBNXAr4GixM8YaRZRJ5PUWbKYbE5eOsrwAjJW0q2REGcf79oYPsLyskQCZG1PLN+S/K1V00joZAoQ==}

  onetime@5.1.2:
    resolution: {integrity: sha512-kbpaSSGJTWdAY5KPVeMOKXSrPtr8C8C7wodJbcsd51jRnmD+GZu8Y0VoU6Dm5Z4vWr0Ig/1NKuWRKf7j5aaYSg==}
    engines: {node: '>=6'}

  oxc-minify@0.110.0:
    resolution: {integrity: sha512-KWGTzPo83QmGrXC4ml83PM9HDwUPtZFfasiclUvTV4i3/0j7xRRqINVkrL77CbQnoWura3CMxkRofjQKVDuhBw==}
    engines: {node: ^20.19.0 || >=22.12.0}

  oxc-transform@0.110.0:
    resolution: {integrity: sha512-/fymQNzzUoKZweH0nC5yvbI2eR0yWYusT9TEKDYVgOgYrf9Qmdez9lUFyvxKR9ycx+PTHi/reIOzqf3wkShQsw==}
    engines: {node: ^20.19.0 || >=22.12.0}

  pako@1.0.11:
    resolution: {integrity: sha512-4hLB8Py4zZce5s4yd9XzopqwVv/yGNhV1Bl8NTmCq1763HeK2+EwVTv+leGeL13Dnh2wfbqowVPXCIO0z4taYw==}

  pathe@2.0.3:
    resolution: {integrity: sha512-WUjGcAqP1gQacoQe+OBJsFA7Ld4DyXuUIjZ5cc75cLHvJ7dtNsTugphxIADwspS+AraAUePCKrSVtPLFj/F88w==}

  perfect-debounce@2.1.0:
    resolution: {integrity: sha512-LjgdTytVFXeUgtHZr9WYViYSM/g8MkcTPYDlPa3cDqMirHjKiSZPYd6DoL7pK8AJQr+uWkQvCjHNdiMqsrJs+g==}

  pkg-types@2.3.0:
    resolution: {integrity: sha512-SIqCzDRg0s9npO5XQ3tNZioRY1uK06lA41ynBC1YmFTmnY6FjUjVt6s4LoADmwoig1qqD0oK8h1p/8mlMx8Oig==}

  process-nextick-args@2.0.1:
    resolution: {integrity: sha512-3ouUOpQhtgrbOa17J7+uxOTpITYWaGP7/AhoR3+A+/1e9skrzelGi/dXzEYyvbxubEF6Wn2ypscTKiKJFFn1ag==}

  rc9@2.1.2:
    resolution: {integrity: sha512-btXCnMmRIBINM2LDZoEmOogIZU7Qe7zn4BpomSKZ/ykbLObuBdvG+mFq11DL6fjH1DRwHhrlgtYWG96bJiC7Cg==}

  readable-stream@2.3.8:
    resolution: {integrity: sha512-8p0AUk4XODgIewSi0l8Epjs+EVnWiK7NoDIEGU0HhE7+ZyY8D1IMY7odu5lRrFXGg71L15KG8QrPmum45RTtdA==}

  readdirp@5.0.0:
    resolution: {integrity: sha512-9u/XQ1pvrQtYyMpZe7DXKv2p5CNvyVwzUB6uhLAnQwHMSgKMBR62lc7AHljaeteeHXn11XTAaLLUVZYVZyuRBQ==}
    engines: {node: '>= 20.19.0'}

  restore-cursor@3.1.0:
    resolution: {integrity: sha512-l+sSefzHpj5qimhFSE5a8nufZYAM3sBSVMAPtYkmC+4EH2anSGaEMXSD0izRQbu9nfyQ9y5JrVmp7E8oZrUjvA==}
    engines: {node: '>=8'}

  rolldown@1.0.0-rc.2:
    resolution: {integrity: sha512-1g/8Us9J8sgJGn3hZfBecX1z4U3y5KO7V/aV2U1M/9UUzLNqHA8RfFQ/NPT7HLxOIldyIgrcjaYTRvA81KhJIg==}
    engines: {node: ^20.19.0 || >=22.12.0}
    hasBin: true

  rou3@0.7.12:
    resolution: {integrity: sha512-iFE4hLDuloSWcD7mjdCDhx2bKcIsYbtOTpfH5MHHLSKMOUyjqQXTeZVa289uuwEGEKFoE/BAPbhaU4B774nceg==}

  safe-buffer@5.1.2:
    resolution: {integrity: sha512-Gd2UZBJDkXlY7GbJxfsE8/nvKkUEU1G38c1siN6QP6a9PT9MmHB8GnpscSmMJSoF8LOIrt8ud/wPtojys4G6+g==}

  setimmediate@1.0.5:
    resolution: {integrity: sha512-MATJdZp8sLqDl/68LfQmbP8zKPLQNV6BIZoIgrscFDQ+RsvK/BxeDQOgyxKKoh0y/8h3BqVFnCqQ/gd+reiIXA==}

  signal-exit@3.0.7:
    resolution: {integrity: sha512-wnD2ZE+l+SPC/uoS0vXeE9L1+0wuaMqKlfz9AMUo38JsyLSBWSFcHR1Rri62LZc12vLr1gb3jl7iwQhgwpAbGQ==}

  spinnies@0.5.1:
    resolution: {integrity: sha512-WpjSXv9NQz0nU3yCT9TFEOfpFrXADY9C5fG6eAJqixLhvTX1jP3w92Y8IE5oafIe42nlF9otjhllnXN/QCaB3A==}

  srvx@0.10.1:
    resolution: {integrity: sha512-A//xtfak4eESMWWydSRFUVvCTQbSwivnGCEf8YGPe2eHU0+Z6znfUTCPF0a7oV3sObSOcrXHlL6Bs9vVctfXdg==}
    engines: {node: '>=20.16.0'}
    hasBin: true

  string_decoder@1.1.1:
    resolution: {integrity: sha512-n/ShnvDi6FHbbVfviro+WojiFzv+s8MPMHBczVePfUpDJLwoLT0ht1l4YwBCbi8pJAveEEdnkHyPyTP/mzRfwg==}

  strip-ansi@5.2.0:
    resolution: {integrity: sha512-DuRs1gKbBqsMKIZlrffwlug8MHkcnpjs5VPmL1PAh+mA30U0DTotfDZ0d2UUsXpPmPmMMJ6W773MaA3J+lbiWA==}
    engines: {node: '>=6'}

  supports-color@5.5.0:
    resolution: {integrity: sha512-QjVjwdXIt408MIiAqCX4oUKsgU2EqAGzs2Ppkm4aQYbjm+ZEWEcW4SfFNTr4uMNZma0ey4f5lgLrkB0aX0QMow==}
    engines: {node: '>=4'}

  tinyexec@1.0.2:
    resolution: {integrity: sha512-W/KYk+NFhkmsYpuHq5JykngiOCnxeVL8v8dFnqxSD8qEEdRfXk1SDM6JzNqcERbcGYj9tMrDQBYV9cjgnunFIg==}
    engines: {node: '>=18'}

  tr46@0.0.3:
    resolution: {integrity: sha512-N3WMsuqV66lT30CrXNbEjx4GEwlow3v6rr4mCcv6prnfwhS01rkgyFdjPNBYd9br7LpXV1+Emh01fHnq2Gdgrw==}

  tslib@2.8.1:
    resolution: {integrity: sha512-oJFu94HQb+KVduSUQL7wnpmqnfmLsOA/nAh6b6EH0wCEoK0/mPeXU6c3wKDV83MkOuHPRHtSXKKU99IBazS/2w==}

  undici-types@6.21.0:
    resolution: {integrity: sha512-iwDZqg0QAGrg9Rav5H4n0M64c3mkR59cJ6wQp+7C4nI0gsmExaedaYLNO44eT4AtBBwjbTiGPMlt2Md0T9H9JQ==}

  undici@7.19.2:
    resolution: {integrity: sha512-4VQSpGEGsWzk0VYxyB/wVX/Q7qf9t5znLRgs0dzszr9w9Fej/8RVNQ+S20vdXSAyra/bJ7ZQfGv6ZMj7UEbzSg==}
    engines: {node: '>=20.18.1'}

  unenv@2.0.0-rc.24:
    resolution: {integrity: sha512-i7qRCmY42zmCwnYlh9H2SvLEypEFGye5iRmEMKjcGi7zk9UquigRjFtTLz0TYqr0ZGLZhaMHl/foy1bZR+Cwlw==}

  unstorage@2.0.0-alpha.5:
    resolution: {integrity: sha512-Sj8btci21Twnd6M+N+MHhjg3fVn6lAPElPmvFTe0Y/wR0WImErUdA1PzlAaUavHylJ7uDiFwlZDQKm0elG4b7g==}
    peerDependencies:
      '@azure/app-configuration': ^1.9.0
      '@azure/cosmos': ^4.7.0
      '@azure/data-tables': ^13.3.1
      '@azure/identity': ^4.13.0
      '@azure/keyvault-secrets': ^4.10.0
      '@azure/storage-blob': ^12.29.1
      '@capacitor/preferences': ^6.0.3 || ^7.0.0
      '@deno/kv': '>=0.12.0'
      '@netlify/blobs': ^6.5.0 || ^7.0.0 || ^8.1.0 || ^9.0.0 || ^10.0.0
      '@planetscale/database': ^1.19.0
      '@upstash/redis': ^1.35.6
      '@vercel/blob': '>=0.27.3'
      '@vercel/functions': ^2.2.12 || ^3.0.0
      '@vercel/kv': ^1.0.1
      aws4fetch: ^1.0.20
      chokidar: ^4 || ^5
      db0: '>=0.3.4'
      idb-keyval: ^6.2.2
      ioredis: ^5.8.2
      lru-cache: ^11.2.2
      mongodb: ^6 || ^7
      ofetch: '*'
      uploadthing: ^7.7.4
    peerDependenciesMeta:
      '@azure/app-configuration':
        optional: true
      '@azure/cosmos':
        optional: true
      '@azure/data-tables':
        optional: true
      '@azure/identity':
        optional: true
      '@azure/keyvault-secrets':
        optional: true
      '@azure/storage-blob':
        optional: true
      '@capacitor/preferences':
        optional: true
      '@deno/kv':
        optional: true
      '@netlify/blobs':
        optional: true
      '@planetscale/database':
        optional: true
      '@upstash/redis':
        optional: true
      '@vercel/blob':
        optional: true
      '@vercel/functions':
        optional: true
      '@vercel/kv':
        optional: true
      aws4fetch:
        optional: true
      chokidar:
        optional: true
      db0:
        optional: true
      idb-keyval:
        optional: true
      ioredis:
        optional: true
      lru-cache:
        optional: true
      mongodb:
        optional: true
      ofetch:
        optional: true
      uploadthing:
        optional: true

  util-deprecate@1.0.2:
    resolution: {integrity: sha512-EPD5q1uXyFxJpCrLnCc1nHnq3gOa6DZBocAIiI2TaSCA7VCJ1UJDMagCzIkXNsUYfD1daK//LTEQ8xiIbrHtcw==}

  webidl-conversions@3.0.1:
    resolution: {integrity: sha512-2JAn3z8AR6rjK8Sm8orRC0h/bcl/DqL7tRPdGZ4I1CjdF+EaMLmYxBHyXuKL849eucPFhvBoxMsflfOb8kxaeQ==}

  whatwg-url@5.0.0:
    resolution: {integrity: sha512-saE57nupxk6v3HY35+jzBwYa0rKSy0XR8JSxZPwgLr7ys0IBzhGviA1/TUGJLmSVqs8pb9AnvICXEuOHLprYTw==}

snapshots:

  '@c8y/client@1023.22.6':
    dependencies:
      '@types/cometd': 4.0.8
      '@types/node': 20.19.30
      b2a: 1.1.2
      cometd: 4.0.8
      cometd-nodejs-client: 1.0.2
      cross-fetch: 4.1.0
      form-data: 4.0.4
      isomorphic-cometd: 1.1.0(cometd-nodejs-client@1.0.2)(cometd@4.0.8)
      tslib: 2.8.1
    transitivePeerDependencies:
      - encoding

  '@emnapi/core@1.8.1':
    dependencies:
      '@emnapi/wasi-threads': 1.1.0
      tslib: 2.8.1
    optional: true

  '@emnapi/runtime@1.8.1':
    dependencies:
      tslib: 2.8.1
    optional: true

  '@emnapi/wasi-threads@1.1.0':
    dependencies:
      tslib: 2.8.1
    optional: true

  '@napi-rs/wasm-runtime@1.1.1':
    dependencies:
      '@emnapi/core': 1.8.1
      '@emnapi/runtime': 1.8.1
      '@tybys/wasm-util': 0.10.1
    optional: true

  '@oxc-minify/binding-android-arm-eabi@0.110.0':
    optional: true

  '@oxc-minify/binding-android-arm64@0.110.0':
    optional: true

  '@oxc-minify/binding-darwin-arm64@0.110.0':
    optional: true

  '@oxc-minify/binding-darwin-x64@0.110.0':
    optional: true

  '@oxc-minify/binding-freebsd-x64@0.110.0':
    optional: true

  '@oxc-minify/binding-linux-arm-gnueabihf@0.110.0':
    optional: true

  '@oxc-minify/binding-linux-arm-musleabihf@0.110.0':
    optional: true

  '@oxc-minify/binding-linux-arm64-gnu@0.110.0':
    optional: true

  '@oxc-minify/binding-linux-arm64-musl@0.110.0':
    optional: true

  '@oxc-minify/binding-linux-ppc64-gnu@0.110.0':
    optional: true

  '@oxc-minify/binding-linux-riscv64-gnu@0.110.0':
    optional: true

  '@oxc-minify/binding-linux-riscv64-musl@0.110.0':
    optional: true

  '@oxc-minify/binding-linux-s390x-gnu@0.110.0':
    optional: true

  '@oxc-minify/binding-linux-x64-gnu@0.110.0':
    optional: true

  '@oxc-minify/binding-linux-x64-musl@0.110.0':
    optional: true

  '@oxc-minify/binding-openharmony-arm64@0.110.0':
    optional: true

  '@oxc-minify/binding-wasm32-wasi@0.110.0':
    dependencies:
      '@napi-rs/wasm-runtime': 1.1.1
    optional: true

  '@oxc-minify/binding-win32-arm64-msvc@0.110.0':
    optional: true

  '@oxc-minify/binding-win32-ia32-msvc@0.110.0':
    optional: true

  '@oxc-minify/binding-win32-x64-msvc@0.110.0':
    optional: true

  '@oxc-project/types@0.111.0': {}

  '@oxc-transform/binding-android-arm-eabi@0.110.0':
    optional: true

  '@oxc-transform/binding-android-arm64@0.110.0':
    optional: true

  '@oxc-transform/binding-darwin-arm64@0.110.0':
    optional: true

  '@oxc-transform/binding-darwin-x64@0.110.0':
    optional: true

  '@oxc-transform/binding-freebsd-x64@0.110.0':
    optional: true

  '@oxc-transform/binding-linux-arm-gnueabihf@0.110.0':
    optional: true

  '@oxc-transform/binding-linux-arm-musleabihf@0.110.0':
    optional: true

  '@oxc-transform/binding-linux-arm64-gnu@0.110.0':
    optional: true

  '@oxc-transform/binding-linux-arm64-musl@0.110.0':
    optional: true

  '@oxc-transform/binding-linux-ppc64-gnu@0.110.0':
    optional: true

  '@oxc-transform/binding-linux-riscv64-gnu@0.110.0':
    optional: true

  '@oxc-transform/binding-linux-riscv64-musl@0.110.0':
    optional: true

  '@oxc-transform/binding-linux-s390x-gnu@0.110.0':
    optional: true

  '@oxc-transform/binding-linux-x64-gnu@0.110.0':
    optional: true

  '@oxc-transform/binding-linux-x64-musl@0.110.0':
    optional: true

  '@oxc-transform/binding-openharmony-arm64@0.110.0':
    optional: true

  '@oxc-transform/binding-wasm32-wasi@0.110.0':
    dependencies:
      '@napi-rs/wasm-runtime': 1.1.1
    optional: true

  '@oxc-transform/binding-win32-arm64-msvc@0.110.0':
    optional: true

  '@oxc-transform/binding-win32-ia32-msvc@0.110.0':
    optional: true

  '@oxc-transform/binding-win32-x64-msvc@0.110.0':
    optional: true

  '@rolldown/binding-android-arm64@1.0.0-rc.2':
    optional: true

  '@rolldown/binding-darwin-arm64@1.0.0-rc.2':
    optional: true

  '@rolldown/binding-darwin-x64@1.0.0-rc.2':
    optional: true

  '@rolldown/binding-freebsd-x64@1.0.0-rc.2':
    optional: true

  '@rolldown/binding-linux-arm-gnueabihf@1.0.0-rc.2':
    optional: true

  '@rolldown/binding-linux-arm64-gnu@1.0.0-rc.2':
    optional: true

  '@rolldown/binding-linux-arm64-musl@1.0.0-rc.2':
    optional: true

  '@rolldown/binding-linux-x64-gnu@1.0.0-rc.2':
    optional: true

  '@rolldown/binding-linux-x64-musl@1.0.0-rc.2':
    optional: true

  '@rolldown/binding-openharmony-arm64@1.0.0-rc.2':
    optional: true

  '@rolldown/binding-wasm32-wasi@1.0.0-rc.2':
    dependencies:
      '@napi-rs/wasm-runtime': 1.1.1
    optional: true

  '@rolldown/binding-win32-arm64-msvc@1.0.0-rc.2':
    optional: true

  '@rolldown/binding-win32-x64-msvc@1.0.0-rc.2':
    optional: true

  '@rolldown/pluginutils@1.0.0-rc.2': {}

  '@tybys/wasm-util@0.10.1':
    dependencies:
      tslib: 2.8.1
    optional: true

  '@types/cometd@4.0.8': {}

  '@types/node@20.19.30':
    dependencies:
      undici-types: 6.21.0

  ansi-regex@4.1.1: {}

  ansi-styles@3.2.1:
    dependencies:
      color-convert: 1.9.3

  asynckit@0.4.0: {}

  b2a@1.1.2: {}

  c12@3.3.3:
    dependencies:
      chokidar: 5.0.0
      confbox: 0.2.2
      defu: 6.1.4
      dotenv: 17.2.3
      exsolve: 1.0.8
      giget: 2.0.0
      jiti: 2.6.1
      ohash: 2.0.11
      pathe: 2.0.3
      perfect-debounce: 2.1.0
      pkg-types: 2.3.0
      rc9: 2.1.2

  c8y-nitro@0.1.2(@c8y/client@1023.22.6)(nitro@3.0.1-alpha.2(chokidar@5.0.0)(rolldown@1.0.0-rc.2)):
    dependencies:
      '@c8y/client': 1023.22.6
      c12: 3.3.3
      citty: 0.2.0
      consola: 3.4.2
      jszip: 3.10.1
      nitro: 3.0.1-alpha.2(chokidar@5.0.0)(rolldown@1.0.0-rc.2)
      pathe: 2.0.3
      pkg-types: 2.3.0
      spinnies: 0.5.1
      tinyexec: 1.0.2
    transitivePeerDependencies:
      - magicast

  call-bind-apply-helpers@1.0.2:
    dependencies:
      es-errors: 1.3.0
      function-bind: 1.1.2

  chalk@2.4.2:
    dependencies:
      ansi-styles: 3.2.1
      escape-string-regexp: 1.0.5
      supports-color: 5.5.0

  chokidar@5.0.0:
    dependencies:
      readdirp: 5.0.0

  citty@0.1.6:
    dependencies:
      consola: 3.4.2

  citty@0.2.0: {}

  cli-cursor@3.1.0:
    dependencies:
      restore-cursor: 3.1.0

  color-convert@1.9.3:
    dependencies:
      color-name: 1.1.3

  color-name@1.1.3: {}

  combined-stream@1.0.8:
    dependencies:
      delayed-stream: 1.0.0

  cometd-nodejs-client@1.0.2: {}

  cometd@4.0.8: {}

  confbox@0.2.2: {}

  consola@3.4.2: {}

  core-util-is@1.0.3: {}

  cross-fetch@4.1.0:
    dependencies:
      node-fetch: 2.7.0
    transitivePeerDependencies:
      - encoding

  crossws@0.4.4(srvx@0.10.1):
    optionalDependencies:
      srvx: 0.10.1

  db0@0.3.4: {}

  defu@6.1.4: {}

  delayed-stream@1.0.0: {}

  destr@2.0.5: {}

  dotenv@17.2.3: {}

  dunder-proto@1.0.1:
    dependencies:
      call-bind-apply-helpers: 1.0.2
      es-errors: 1.3.0
      gopd: 1.2.0

  es-define-property@1.0.1: {}

  es-errors@1.3.0: {}

  es-object-atoms@1.1.1:
    dependencies:
      es-errors: 1.3.0

  es-set-tostringtag@2.1.0:
    dependencies:
      es-errors: 1.3.0
      get-intrinsic: 1.3.0
      has-tostringtag: 1.0.2
      hasown: 2.0.2

  escape-string-regexp@1.0.5: {}

  exsolve@1.0.8: {}

  form-data@4.0.4:
    dependencies:
      asynckit: 0.4.0
      combined-stream: 1.0.8
      es-set-tostringtag: 2.1.0
      hasown: 2.0.2
      mime-types: 2.1.35

  function-bind@1.1.2: {}

  get-intrinsic@1.3.0:
    dependencies:
      call-bind-apply-helpers: 1.0.2
      es-define-property: 1.0.1
      es-errors: 1.3.0
      es-object-atoms: 1.1.1
      function-bind: 1.1.2
      get-proto: 1.0.1
      gopd: 1.2.0
      has-symbols: 1.1.0
      hasown: 2.0.2
      math-intrinsics: 1.1.0

  get-proto@1.0.1:
    dependencies:
      dunder-proto: 1.0.1
      es-object-atoms: 1.1.1

  giget@2.0.0:
    dependencies:
      citty: 0.1.6
      consola: 3.4.2
      defu: 6.1.4
      node-fetch-native: 1.6.7
      nypm: 0.6.4
      pathe: 2.0.3

  gopd@1.2.0: {}

  h3@2.0.1-rc.11(crossws@0.4.4(srvx@0.10.1)):
    dependencies:
      rou3: 0.7.12
      srvx: 0.10.1
    optionalDependencies:
      crossws: 0.4.4(srvx@0.10.1)

  has-flag@3.0.0: {}

  has-symbols@1.1.0: {}

  has-tostringtag@1.0.2:
    dependencies:
      has-symbols: 1.1.0

  hasown@2.0.2:
    dependencies:
      function-bind: 1.1.2

  immediate@3.0.6: {}

  inherits@2.0.4: {}

  isarray@1.0.0: {}

  isomorphic-cometd@1.1.0(cometd-nodejs-client@1.0.2)(cometd@4.0.8):
    dependencies:
      cometd: 4.0.8
      cometd-nodejs-client: 1.0.2

  jiti@2.6.1: {}

  jszip@3.10.1:
    dependencies:
      lie: 3.3.0
      pako: 1.0.11
      readable-stream: 2.3.8
      setimmediate: 1.0.5

  lie@3.3.0:
    dependencies:
      immediate: 3.0.6

  math-intrinsics@1.1.0: {}

  mime-db@1.52.0: {}

  mime-types@2.1.35:
    dependencies:
      mime-db: 1.52.0

  mimic-fn@2.1.0: {}

  nf3@0.3.7: {}

  nitro@3.0.1-alpha.2(chokidar@5.0.0)(rolldown@1.0.0-rc.2):
    dependencies:
      consola: 3.4.2
      crossws: 0.4.4(srvx@0.10.1)
      db0: 0.3.4
      h3: 2.0.1-rc.11(crossws@0.4.4(srvx@0.10.1))
      jiti: 2.6.1
      nf3: 0.3.7
      ofetch: 2.0.0-alpha.3
      ohash: 2.0.11
      oxc-minify: 0.110.0
      oxc-transform: 0.110.0
      srvx: 0.10.1
      undici: 7.19.2
      unenv: 2.0.0-rc.24
      unstorage: 2.0.0-alpha.5(chokidar@5.0.0)(db0@0.3.4)(ofetch@2.0.0-alpha.3)
    optionalDependencies:
      rolldown: 1.0.0-rc.2
    transitivePeerDependencies:
      - '@azure/app-configuration'
      - '@azure/cosmos'
      - '@azure/data-tables'
      - '@azure/identity'
      - '@azure/keyvault-secrets'
      - '@azure/storage-blob'
      - '@capacitor/preferences'
      - '@deno/kv'
      - '@electric-sql/pglite'
      - '@libsql/client'
      - '@netlify/blobs'
      - '@planetscale/database'
      - '@upstash/redis'
      - '@vercel/blob'
      - '@vercel/functions'
      - '@vercel/kv'
      - aws4fetch
      - better-sqlite3
      - chokidar
      - drizzle-orm
      - idb-keyval
      - ioredis
      - lru-cache
      - mongodb
      - mysql2
      - sqlite3
      - uploadthing

  node-fetch-native@1.6.7: {}

  node-fetch@2.7.0:
    dependencies:
      whatwg-url: 5.0.0

  nypm@0.6.4:
    dependencies:
      citty: 0.2.0
      pathe: 2.0.3
      tinyexec: 1.0.2

  ofetch@2.0.0-alpha.3: {}

  ohash@2.0.11: {}

  onetime@5.1.2:
    dependencies:
      mimic-fn: 2.1.0

  oxc-minify@0.110.0:
    optionalDependencies:
      '@oxc-minify/binding-android-arm-eabi': 0.110.0
      '@oxc-minify/binding-android-arm64': 0.110.0
      '@oxc-minify/binding-darwin-arm64': 0.110.0
      '@oxc-minify/binding-darwin-x64': 0.110.0
      '@oxc-minify/binding-freebsd-x64': 0.110.0
      '@oxc-minify/binding-linux-arm-gnueabihf': 0.110.0
      '@oxc-minify/binding-linux-arm-musleabihf': 0.110.0
      '@oxc-minify/binding-linux-arm64-gnu': 0.110.0
      '@oxc-minify/binding-linux-arm64-musl': 0.110.0
      '@oxc-minify/binding-linux-ppc64-gnu': 0.110.0
      '@oxc-minify/binding-linux-riscv64-gnu': 0.110.0
      '@oxc-minify/binding-linux-riscv64-musl': 0.110.0
      '@oxc-minify/binding-linux-s390x-gnu': 0.110.0
      '@oxc-minify/binding-linux-x64-gnu': 0.110.0
      '@oxc-minify/binding-linux-x64-musl': 0.110.0
      '@oxc-minify/binding-openharmony-arm64': 0.110.0
      '@oxc-minify/binding-wasm32-wasi': 0.110.0
      '@oxc-minify/binding-win32-arm64-msvc': 0.110.0
      '@oxc-minify/binding-win32-ia32-msvc': 0.110.0
      '@oxc-minify/binding-win32-x64-msvc': 0.110.0

  oxc-transform@0.110.0:
    optionalDependencies:
      '@oxc-transform/binding-android-arm-eabi': 0.110.0
      '@oxc-transform/binding-android-arm64': 0.110.0
      '@oxc-transform/binding-darwin-arm64': 0.110.0
      '@oxc-transform/binding-darwin-x64': 0.110.0
      '@oxc-transform/binding-freebsd-x64': 0.110.0
      '@oxc-transform/binding-linux-arm-gnueabihf': 0.110.0
      '@oxc-transform/binding-linux-arm-musleabihf': 0.110.0
      '@oxc-transform/binding-linux-arm64-gnu': 0.110.0
      '@oxc-transform/binding-linux-arm64-musl': 0.110.0
      '@oxc-transform/binding-linux-ppc64-gnu': 0.110.0
      '@oxc-transform/binding-linux-riscv64-gnu': 0.110.0
      '@oxc-transform/binding-linux-riscv64-musl': 0.110.0
      '@oxc-transform/binding-linux-s390x-gnu': 0.110.0
      '@oxc-transform/binding-linux-x64-gnu': 0.110.0
      '@oxc-transform/binding-linux-x64-musl': 0.110.0
      '@oxc-transform/binding-openharmony-arm64': 0.110.0
      '@oxc-transform/binding-wasm32-wasi': 0.110.0
      '@oxc-transform/binding-win32-arm64-msvc': 0.110.0
      '@oxc-transform/binding-win32-ia32-msvc': 0.110.0
      '@oxc-transform/binding-win32-x64-msvc': 0.110.0

  pako@1.0.11: {}

  pathe@2.0.3: {}

  perfect-debounce@2.1.0: {}

  pkg-types@2.3.0:
    dependencies:
      confbox: 0.2.2
      exsolve: 1.0.8
      pathe: 2.0.3

  process-nextick-args@2.0.1: {}

  rc9@2.1.2:
    dependencies:
      defu: 6.1.4
      destr: 2.0.5

  readable-stream@2.3.8:
    dependencies:
      core-util-is: 1.0.3
      inherits: 2.0.4
      isarray: 1.0.0
      process-nextick-args: 2.0.1
      safe-buffer: 5.1.2
      string_decoder: 1.1.1
      util-deprecate: 1.0.2

  readdirp@5.0.0: {}

  restore-cursor@3.1.0:
    dependencies:
      onetime: 5.1.2
      signal-exit: 3.0.7

  rolldown@1.0.0-rc.2:
    dependencies:
      '@oxc-project/types': 0.111.0
      '@rolldown/pluginutils': 1.0.0-rc.2
    optionalDependencies:
      '@rolldown/binding-android-arm64': 1.0.0-rc.2
      '@rolldown/binding-darwin-arm64': 1.0.0-rc.2
      '@rolldown/binding-darwin-x64': 1.0.0-rc.2
      '@rolldown/binding-freebsd-x64': 1.0.0-rc.2
      '@rolldown/binding-linux-arm-gnueabihf': 1.0.0-rc.2
      '@rolldown/binding-linux-arm64-gnu': 1.0.0-rc.2
      '@rolldown/binding-linux-arm64-musl': 1.0.0-rc.2
      '@rolldown/binding-linux-x64-gnu': 1.0.0-rc.2
      '@rolldown/binding-linux-x64-musl': 1.0.0-rc.2
      '@rolldown/binding-openharmony-arm64': 1.0.0-rc.2
      '@rolldown/binding-wasm32-wasi': 1.0.0-rc.2
      '@rolldown/binding-win32-arm64-msvc': 1.0.0-rc.2
      '@rolldown/binding-win32-x64-msvc': 1.0.0-rc.2

  rou3@0.7.12: {}

  safe-buffer@5.1.2: {}

  setimmediate@1.0.5: {}

  signal-exit@3.0.7: {}

  spinnies@0.5.1:
    dependencies:
      chalk: 2.4.2
      cli-cursor: 3.1.0
      strip-ansi: 5.2.0

  srvx@0.10.1: {}

  string_decoder@1.1.1:
    dependencies:
      safe-buffer: 5.1.2

  strip-ansi@5.2.0:
    dependencies:
      ansi-regex: 4.1.1

  supports-color@5.5.0:
    dependencies:
      has-flag: 3.0.0

  tinyexec@1.0.2: {}

  tr46@0.0.3: {}

  tslib@2.8.1: {}

  undici-types@6.21.0: {}

  undici@7.19.2: {}

  unenv@2.0.0-rc.24:
    dependencies:
      pathe: 2.0.3

  unstorage@2.0.0-alpha.5(chokidar@5.0.0)(db0@0.3.4)(ofetch@2.0.0-alpha.3):
    optionalDependencies:
      chokidar: 5.0.0
      db0: 0.3.4
      ofetch: 2.0.0-alpha.3

  util-deprecate@1.0.2: {}

  webidl-conversions@3.0.1: {}

  whatwg-url@5.0.0:
    dependencies:
      tr46: 0.0.3
      webidl-conversions: 3.0.1
