lockfileVersion: '9.0'

settings:
  autoInstallPeers: true
  excludeLinksFromLockfile: false

importers:

  .:
    dependencies:
      c8y-nitro:
        specifier: latest
        version: 0.4.1(@c8y/client@1023.22.6)(chokidar@5.0.0)(dotenv@17.2.3)(giget@2.0.0)(jiti@2.6.1)(nitro@3.0.260311-beta(chokidar@5.0.0)(dotenv@17.2.3)(giget@2.0.0)(jiti@2.6.1))(ofetch@2.0.0-alpha.3)
      nitro:
        specifier: latest
        version: 3.0.260311-beta(chokidar@5.0.0)(dotenv@17.2.3)(giget@2.0.0)(jiti@2.6.1)
    devDependencies:
      rolldown:
        specifier: 1.0.0-rc.2
        version: 1.0.0-rc.2

packages:

  '@c8y/client@1023.22.6':
    resolution: {integrity: sha512-PkasGMOpjIBoih+TwJSBUuwIOUUw3iL+teUrkFFZbUn81uP5A/YTnu9vtdQ+IF1zwKJ7yv9QKAwXUENMWmUZOg==}

  '@emnapi/core@1.8.1':
    resolution: {integrity: sha512-AvT9QFpxK0Zd8J0jopedNm+w/2fIzvtPKPjqyw9jwvBaReTTqPBk9Hixaz7KbjimP+QNz605/XnjFcDAL2pqBg==}

  '@emnapi/runtime@1.8.1':
    resolution: {integrity: sha512-mehfKSMWjjNol8659Z8KxEMrdSJDDot5SXMq00dM8BN4o+CLNXQ0xH2V7EchNHV4RmbZLmmPdEaXZc5H2FXmDg==}

  '@emnapi/wasi-threads@1.1.0':
    resolution: {integrity: sha512-WI0DdZ8xFSbgMjR1sFsKABJ/C5OnRrjT06JXbZKexJGrDuPTzZdDYfFlsgcCXCyf+suG5QU2e/y1Wo2V/OapLQ==}

  '@napi-rs/wasm-runtime@1.1.1':
    resolution: {integrity: sha512-p64ah1M1ld8xjWv3qbvFwHiFVWrq1yFvV4f7w+mzaqiR4IlSgkqhcRdHwsGgomwzBH51sRY4NEowLxnaBjcW/A==}

  '@oxc-project/types@0.111.0':
    resolution: {integrity: sha512-bh54LJMafgRGl2cPQ/QM+tI5rWaShm/wK9KywEj/w36MhiPKXYM67H2y3q+9pr4YO7ufwg2AKdBAZkhHBD8ClA==}

  '@oxc-project/types@0.120.0':
    resolution: {integrity: sha512-k1YNu55DuvAip/MGE1FTsIuU3FUCn6v/ujG9V7Nq5Df/kX2CWb13hhwD0lmJGMGqE+bE1MXvv9SZVnMzEXlWcg==}

  '@rolldown/binding-android-arm64@1.0.0-rc.10':
    resolution: {integrity: sha512-jOHxwXhxmFKuXztiu1ORieJeTbx5vrTkcOkkkn2d35726+iwhrY1w/+nYY/AGgF12thg33qC3R1LMBF5tHTZHg==}
    engines: {node: ^20.19.0 || >=22.12.0}
    cpu: [arm64]
    os: [android]

  '@rolldown/binding-android-arm64@1.0.0-rc.2':
    resolution: {integrity: sha512-AGV80viZ4Hil4C16GFH+PSwq10jclV9oyRFhD+5HdowPOCJ+G+99N5AClQvMkUMIahTY8cX0SQpKEEWcCg6fSA==}
    engines: {node: ^20.19.0 || >=22.12.0}
    cpu: [arm64]
    os: [android]

  '@rolldown/binding-darwin-arm64@1.0.0-rc.10':
    resolution: {integrity: sha512-gED05Teg/vtTZbIJBc4VNMAxAFDUPkuO/rAIyyxZjTj1a1/s6z5TII/5yMGZ0uLRCifEtwUQn8OlYzuYc0m70w==}
    engines: {node: ^20.19.0 || >=22.12.0}
    cpu: [arm64]
    os: [darwin]

  '@rolldown/binding-darwin-arm64@1.0.0-rc.2':
    resolution: {integrity: sha512-PYR+PQu1mMmQiiKHN2JiOctvH32Xc/Mf+Su2RSmWtC9BbIqlqsVWjbulnShk0imjRim0IsbkMMCN5vYQwiuqaA==}
    engines: {node: ^20.19.0 || >=22.12.0}
    cpu: [arm64]
    os: [darwin]

  '@rolldown/binding-darwin-x64@1.0.0-rc.10':
    resolution: {integrity: sha512-rI15NcM1mA48lqrIxVkHfAqcyFLcQwyXWThy+BQ5+mkKKPvSO26ir+ZDp36AgYoYVkqvMcdS8zOE6SeBsR9e8A==}
    engines: {node: ^20.19.0 || >=22.12.0}
    cpu: [x64]
    os: [darwin]

  '@rolldown/binding-darwin-x64@1.0.0-rc.2':
    resolution: {integrity: sha512-X2G36Z6oh5ynoYpE2JAyG+uQ4kO/3N7XydM/I98FNk8VVgDKjajFF+v7TXJ2FMq6xa7Xm0UIUKHW2MRQroqoUA==}
    engines: {node: ^20.19.0 || >=22.12.0}
    cpu: [x64]
    os: [darwin]

  '@rolldown/binding-freebsd-x64@1.0.0-rc.10':
    resolution: {integrity: sha512-XZRXHdTa+4ME1MuDVp021+doQ+z6Ei4CCFmNc5/sKbqb8YmkiJdj8QKlV3rCI0AJtAeSB5n0WGPuJWNL9p/L2w==}
    engines: {node: ^20.19.0 || >=22.12.0}
    cpu: [x64]
    os: [freebsd]

  '@rolldown/binding-freebsd-x64@1.0.0-rc.2':
    resolution: {integrity: sha512-XpiFTsl9qjiDfrmJF6CE3dgj1nmSbxUIT+p2HIbXV6WOj/32btO8FKkWSsOphUwVinEt3R8HVkVrcLtFNruMMQ==}
    engines: {node: ^20.19.0 || >=22.12.0}
    cpu: [x64]
    os: [freebsd]

  '@rolldown/binding-linux-arm-gnueabihf@1.0.0-rc.10':
    resolution: {integrity: sha512-R0SQMRluISSLzFE20sPWYHVmJdDQnRyc/FzSCN72BqQmh2SOZUFG+N3/vBZpR4C6WpEUVYJLrYUXaj43sJsNLA==}
    engines: {node: ^20.19.0 || >=22.12.0}
    cpu: [arm]
    os: [linux]

  '@rolldown/binding-linux-arm-gnueabihf@1.0.0-rc.2':
    resolution: {integrity: sha512-zjYZ99e47Wlygs4hW+sQ+kshlO8ake9OoY2ecnJ9cwpDGiiIB9rQ3LgP3kt8j6IeVyMSksu//VEhc8Mrd1lRIw==}
    engines: {node: ^20.19.0 || >=22.12.0}
    cpu: [arm]
    os: [linux]

  '@rolldown/binding-linux-arm64-gnu@1.0.0-rc.10':
    resolution: {integrity: sha512-Y1reMrV/o+cwpduYhJuOE3OMKx32RMYCidf14y+HssARRmhDuWXJ4yVguDg2R/8SyyGNo+auzz64LnPK9Hq6jg==}
    engines: {node: ^20.19.0 || >=22.12.0}
    cpu: [arm64]
    os: [linux]
    libc: [glibc]

  '@rolldown/binding-linux-arm64-gnu@1.0.0-rc.2':
    resolution: {integrity: sha512-Piso04EZ9IHV1aZSsLQVMOPTiCq4Ps2UPL3pchjNXHGJGFiB9U42s22LubPaEBFS+i6tCawS5EarIwex1zC4BA==}
    engines: {node: ^20.19.0 || >=22.12.0}
    cpu: [arm64]
    os: [linux]
    libc: [glibc]

  '@rolldown/binding-linux-arm64-musl@1.0.0-rc.10':
    resolution: {integrity: sha512-vELN+HNb2IzuzSBUOD4NHmP9yrGwl1DVM29wlQvx1OLSclL0NgVWnVDKl/8tEks79EFek/kebQKnNJkIAA4W2g==}
    engines: {node: ^20.19.0 || >=22.12.0}
    cpu: [arm64]
    os: [linux]
    libc: [musl]

  '@rolldown/binding-linux-arm64-musl@1.0.0-rc.2':
    resolution: {integrity: sha512-OwJCeMZlmjKsN9pfJfTmqYpe3JC+L6RO87+hu9ajRLr1Lh6cM2FRQ8e48DLRyRDww8Ti695XQvqEANEMmsuzLw==}
    engines: {node: ^20.19.0 || >=22.12.0}
    cpu: [arm64]
    os: [linux]
    libc: [musl]

  '@rolldown/binding-linux-ppc64-gnu@1.0.0-rc.10':
    resolution: {integrity: sha512-ZqrufYTgzxbHwpqOjzSsb0UV/aV2TFIY5rP8HdsiPTv/CuAgCRjM6s9cYFwQ4CNH+hf9Y4erHW1GjZuZ7WoI7w==}
    engines: {node: ^20.19.0 || >=22.12.0}
    cpu: [ppc64]
    os: [linux]
    libc: [glibc]

  '@rolldown/binding-linux-s390x-gnu@1.0.0-rc.10':
    resolution: {integrity: sha512-gSlmVS1FZJSRicA6IyjoRoKAFK7IIHBs7xJuHRSmjImqk3mPPWbR7RhbnfH2G6bcmMEllCt2vQ/7u9e6bBnByg==}
    engines: {node: ^20.19.0 || >=22.12.0}
    cpu: [s390x]
    os: [linux]
    libc: [glibc]

  '@rolldown/binding-linux-x64-gnu@1.0.0-rc.10':
    resolution: {integrity: sha512-eOCKUpluKgfObT2pHjztnaWEIbUabWzk3qPZ5PuacuPmr4+JtQG4k2vGTY0H15edaTnicgU428XW/IH6AimcQw==}
    engines: {node: ^20.19.0 || >=22.12.0}
    cpu: [x64]
    os: [linux]
    libc: [glibc]

  '@rolldown/binding-linux-x64-gnu@1.0.0-rc.2':
    resolution: {integrity: sha512-uQqBmA8dTWbKvfqbeSsXNUssRGfdgQCc0hkGfhQN7Pf85wG2h0Fd/z2d+ykyT4YbcsjQdgEGxBNsg3v4ekOuEA==}
    engines: {node: ^20.19.0 || >=22.12.0}
    cpu: [x64]
    os: [linux]
    libc: [glibc]

  '@rolldown/binding-linux-x64-musl@1.0.0-rc.10':
    resolution: {integrity: sha512-Xdf2jQbfQowJnLcgYfD/m0Uu0Qj5OdxKallD78/IPPfzaiaI4KRAwZzHcKQ4ig1gtg1SuzC7jovNiM2TzQsBXA==}
    engines: {node: ^20.19.0 || >=22.12.0}
    cpu: [x64]
    os: [linux]
    libc: [musl]

  '@rolldown/binding-linux-x64-musl@1.0.0-rc.2':
    resolution: {integrity: sha512-ItZabVsICCYWHbP+jcAgNzjPAYg5GIVQp/NpqT6iOgWctaMYtobClc5m0kNtxwqfNrLXoyt998xUey4AvcxnGQ==}
    engines: {node: ^20.19.0 || >=22.12.0}
    cpu: [x64]
    os: [linux]
    libc: [musl]

  '@rolldown/binding-openharmony-arm64@1.0.0-rc.10':
    resolution: {integrity: sha512-o1hYe8hLi1EY6jgPFyxQgQ1wcycX+qz8eEbVmot2hFkgUzPxy9+kF0u0NIQBeDq+Mko47AkaFFaChcvZa9UX9Q==}
    engines: {node: ^20.19.0 || >=22.12.0}
    cpu: [arm64]
    os: [openharmony]

  '@rolldown/binding-openharmony-arm64@1.0.0-rc.2':
    resolution: {integrity: sha512-U4UYANwafcMXSUC0VqdrqTAgCo2v8T7SiuTYwVFXgia0KOl8jiv3okwCFqeZNuw/G6EWDiqhT8kK1DLgyLsxow==}
    engines: {node: ^20.19.0 || >=22.12.0}
    cpu: [arm64]
    os: [openharmony]

  '@rolldown/binding-wasm32-wasi@1.0.0-rc.10':
    resolution: {integrity: sha512-Ugv9o7qYJudqQO5Y5y2N2SOo6S4WiqiNOpuQyoPInnhVzCY+wi/GHltcLHypG9DEUYMB0iTB/huJrpadiAcNcA==}
    engines: {node: '>=14.0.0'}
    cpu: [wasm32]

  '@rolldown/binding-wasm32-wasi@1.0.0-rc.2':
    resolution: {integrity: sha512-ZIWCjQsMon4tqRoao0Vzowjwx0cmFT3kublh2nNlgeasIJMWlIGHtr0d4fPypm57Rqx4o1h4L8SweoK2q6sMGA==}
    engines: {node: '>=14.0.0'}
    cpu: [wasm32]

  '@rolldown/binding-win32-arm64-msvc@1.0.0-rc.10':
    resolution: {integrity: sha512-7UODQb4fQUNT/vmgDZBl3XOBAIOutP5R3O/rkxg0aLfEGQ4opbCgU5vOw/scPe4xOqBwL9fw7/RP1vAMZ6QlAQ==}
    engines: {node: ^20.19.0 || >=22.12.0}
    cpu: [arm64]
    os: [win32]

  '@rolldown/binding-win32-arm64-msvc@1.0.0-rc.2':
    resolution: {integrity: sha512-NIo7vwRUPEzZ4MuZGr5YbDdjJ84xdiG+YYf8ZBfTgvIsk9wM0sZamJPEXvaLkzVIHpOw5uqEHXS85Gqqb7aaqQ==}
    engines: {node: ^20.19.0 || >=22.12.0}
    cpu: [arm64]
    os: [win32]

  '@rolldown/binding-win32-x64-msvc@1.0.0-rc.10':
    resolution: {integrity: sha512-PYxKHMVHOb5NJuDL53vBUl1VwUjymDcYI6rzpIni0C9+9mTiJedvUxSk7/RPp7OOAm3v+EjgMu9bIy3N6b408w==}
    engines: {node: ^20.19.0 || >=22.12.0}
    cpu: [x64]
    os: [win32]

  '@rolldown/binding-win32-x64-msvc@1.0.0-rc.2':
    resolution: {integrity: sha512-bLKzyLFbvngeNPZocuLo3LILrKwCrkyMxmRXs6fZYDrvh7cyZRw9v56maDL9ipPas0OOmQK1kAKYwvTs30G21Q==}
    engines: {node: ^20.19.0 || >=22.12.0}
    cpu: [x64]
    os: [win32]

  '@rolldown/pluginutils@1.0.0-rc.10':
    resolution: {integrity: sha512-UkVDEFk1w3mveXeKgaTuYfKWtPbvgck1dT8TUG3bnccrH0XtLTuAyfCoks4Q/M5ZGToSVJTIQYCzy2g/atAOeg==}

  '@rolldown/pluginutils@1.0.0-rc.2':
    resolution: {integrity: sha512-izyXV/v+cHiRfozX62W9htOAvwMo4/bXKDrQ+vom1L1qRuexPock/7VZDAhnpHCLNejd3NJ6hiab+tO0D44Rgw==}

  '@tybys/wasm-util@0.10.1':
    resolution: {integrity: sha512-9tTaPJLSiejZKx+Bmog4uSubteqTvFrVrURwkmHixBo0G4seD0zUxp98E1DzUBJxLQ3NPwXrGKDiVjwx/DpPsg==}

  '@types/cometd@4.0.8':
    resolution: {integrity: sha512-FP1izojjD5kjIoGKfyCyIYMON6p3WQ2H+zrdCdQtYzahO+5IggmwCYZ0hruCv8m/sOJqFpBOJLTt1iGa3oy/kQ==}

  '@types/node@20.19.30':
    resolution: {integrity: sha512-WJtwWJu7UdlvzEAUm484QNg5eAoq5QR08KDNx7g45Usrs2NtOPiX8ugDqmKdXkyL03rBqU5dYNYVQetEpBHq2g==}

  ansi-regex@4.1.1:
    resolution: {integrity: sha512-ILlv4k/3f6vfQ4OoP2AGvirOktlQ98ZEL1k9FaQjxa3L1abBgbuTDAdPOpvbGncC0BTVQrl+OM8xZGK6tWXt7g==}
    engines: {node: '>=6'}

  ansi-styles@3.2.1:
    resolution: {integrity: sha512-VT0ZI6kZRdTh8YyJw3SMbYm/u+NqfsAxEpWO0Pf9sq8/e94WxxOpPKx9FR1FlyCtOVDNOQ+8ntlqFxiRc+r5qA==}
    engines: {node: '>=4'}

  asynckit@0.4.0:
    resolution: {integrity: sha512-Oei9OH4tRh0YqU3GxhX79dM/mwVgvbZJaSNaRk+bshkj0S5cfHcgYakreBjrHwatXKbz+IoIdYLxrKim2MjW0Q==}

  b2a@1.1.2:
    resolution: {integrity: sha512-Ee7SUAyWeIx4ICRygOi7dVlGpHRxynsaLIZwOtHtGKls3LhLchTRk5KrI0O8ioWqy94ikkE8Z2Li3LWNd027/A==}
    engines: {node: '>=4'}

  c12@4.0.0-beta.4:
    resolution: {integrity: sha512-gcWQAloC/SwGx4U7l3iQdalUQQLLXwYS1d3SqIwFj4UUrTXh8L9yGkBcA00B0gxELMwbxtsrt6VrAxtSgqZZoA==}
    peerDependencies:
      chokidar: ^5
      dotenv: '*'
      giget: '*'
      jiti: '*'
      magicast: '*'
    peerDependenciesMeta:
      chokidar:
        optional: true
      dotenv:
        optional: true
      giget:
        optional: true
      jiti:
        optional: true
      magicast:
        optional: true

  c8y-nitro@0.4.1:
    resolution: {integrity: sha512-8yVPz8uGmN6lCRW3Rf37qTfz1+z0hNKIJJqwWvDFjID6mg7A9KxVQayFurqqnulR124bcVdJNiY1Nckpyvrdyw==}
    engines: {node: '>=24.0.0'}
    hasBin: true
    peerDependencies:
      '@c8y/client': '>=1021'
      nitro: 3.0.260311-beta

  call-bind-apply-helpers@1.0.2:
    resolution: {integrity: sha512-Sp1ablJ0ivDkSzjcaJdxEunN5/XvksFJ2sMBFfq6x0ryhQV/2b/KwFe21cMpmHtPOSij8K99/wSfoEuTObmuMQ==}
    engines: {node: '>= 0.4'}

  chalk@2.4.2:
    resolution: {integrity: sha512-Mti+f9lpJNcwF4tWV8/OrTTtF1gZi+f8FqlyAdouralcFWFQWF2+NgCHShjkCb+IFBLq9buZwE1xckQU4peSuQ==}
    engines: {node: '>=4'}

  chokidar@5.0.0:
    resolution: {integrity: sha512-TQMmc3w+5AxjpL8iIiwebF73dRDF4fBIieAqGn9RGCWaEVwQ6Fb2cGe31Yns0RRIzii5goJ1Y7xbMwo1TxMplw==}
    engines: {node: '>= 20.19.0'}

  citty@0.1.6:
    resolution: {integrity: sha512-tskPPKEs8D2KPafUypv2gxwJP8h/OaJmC82QQGGDQcHvXX43xF2VDACcJVmZ0EuSxkpO9Kc4MlrA3q0+FG58AQ==}

  citty@0.2.1:
    resolution: {integrity: sha512-kEV95lFBhQgtogAPlQfJJ0WGVSokvLr/UEoFPiKKOXF7pl98HfUVUD0ejsuTCld/9xH9vogSywZ5KqHzXrZpqg==}

  cli-cursor@3.1.0:
    resolution: {integrity: sha512-I/zHAwsKf9FqGoXM4WWRACob9+SNukZTd94DWF57E4toouRulbCxcUh6RKUEOQlYTHJnzkPMySvPNaaSLNfLZw==}
    engines: {node: '>=8'}

  color-convert@1.9.3:
    resolution: {integrity: sha512-QfAUtd+vFdAtFQcC8CCyYt1fYWxSqAiK2cSD6zDB8N3cpsEBAvRxp9zOGg6G/SHHJYAT88/az/IuDGALsNVbGg==}

  color-name@1.1.3:
    resolution: {integrity: sha512-72fSenhMw2HZMTVHeCA9KCmpEIbzWiQsjN+BHcBbS9vr1mtt+vJjPdksIBNUmKAW8TFUDPJK5SUU3QhE9NEXDw==}

  combined-stream@1.0.8:
    resolution: {integrity: sha512-FQN4MRfuJeHf7cBbBMJFXhKSDq+2kAArBlmRBvcvFE5BB1HZKXtSFASDhdlz9zOYwxh8lDdnvmMOe/+5cdoEdg==}
    engines: {node: '>= 0.8'}

  cometd-nodejs-client@1.0.2:
    resolution: {integrity: sha512-V49AZtxrEhbHRSSTYdTB0i8SGa5ip3iwbTfboVEku5/H9fMAw4GkFnzzKSBU96jCNkTq46vIuN1V5UhUIeCjMA==}

  cometd@4.0.8:
    resolution: {integrity: sha512-HvbLklF0ByT/ZOICgu6O2TQYXSRyuHYFLfvr9MrjrN1C79JHitHpQ/phD1Kiut3NyjPrt/6jjXCpKbfsxRl71w==}

  confbox@0.2.4:
    resolution: {integrity: sha512-ysOGlgTFbN2/Y6Cg3Iye8YKulHw+R2fNXHrgSmXISQdMnomY6eNDprVdW9R5xBguEqI954+S6709UyiO7B+6OQ==}

  consola@3.4.2:
    resolution: {integrity: sha512-5IKcdX0nnYavi6G7TtOhwkYzyjfJlatbjMjuLSfE2kYT5pMDOilZ4OvMhi637CcDICTmz3wARPoyhqyX1Y+XvA==}
    engines: {node: ^14.18.0 || >=16.10.0}

  core-util-is@1.0.3:
    resolution: {integrity: sha512-ZQBvi1DcpJ4GDqanjucZ2Hj3wEO5pZDS89BWbkcrvdxksJorwUDDZamX9ldFkp9aw2lmBDLgkObEA4DWNJ9FYQ==}

  cross-fetch@4.1.0:
    resolution: {integrity: sha512-uKm5PU+MHTootlWEY+mZ4vvXoCn4fLQxT9dSc1sXVMSFkINTJVN8cAQROpwcKm8bJ/c7rgZVIBWzH5T78sNZZw==}

  crossws@0.4.4:
    resolution: {integrity: sha512-w6c4OdpRNnudVmcgr7brb/+/HmYjMQvYToO/oTrprTwxRUiom3LYWU1PMWuD006okbUWpII1Ea9/+kwpUfmyRg==}
    peerDependencies:
      srvx: '>=0.7.1'
    peerDependenciesMeta:
      srvx:
        optional: true

  db0@0.3.4:
    resolution: {integrity: sha512-RiXXi4WaNzPTHEOu8UPQKMooIbqOEyqA1t7Z6MsdxSCeb8iUC9ko3LcmsLmeUt2SM5bctfArZKkRQggKZz7JNw==}
    peerDependencies:
      '@electric-sql/pglite': '*'
      '@libsql/client': '*'
      better-sqlite3: '*'
      drizzle-orm: '*'
      mysql2: '*'
      sqlite3: '*'
    peerDependenciesMeta:
      '@electric-sql/pglite':
        optional: true
      '@libsql/client':
        optional: true
      better-sqlite3:
        optional: true
      drizzle-orm:
        optional: true
      mysql2:
        optional: true
      sqlite3:
        optional: true

  defu@6.1.4:
    resolution: {integrity: sha512-mEQCMmwJu317oSz8CwdIOdwf3xMif1ttiM8LTufzc3g6kR+9Pe236twL8j3IYT1F7GfRgGcW6MWxzZjLIkuHIg==}

  delayed-stream@1.0.0:
    resolution: {integrity: sha512-ZySD7Nf91aLB0RxL4KGrKHBXl7Eds1DAmEdcoVawXnLD7SDhpNgtuII2aAkg7a7QS41jxPSZ17p4VdGnMHk3MQ==}
    engines: {node: '>=0.4.0'}

  destr@2.0.5:
    resolution: {integrity: sha512-ugFTXCtDZunbzasqBxrK93Ik/DRYsO6S/fedkWEMKqt04xZ4csmnmwGDBAb07QWNaGMAmnTIemsYZCksjATwsA==}

  dotenv@17.2.3:
    resolution: {integrity: sha512-JVUnt+DUIzu87TABbhPmNfVdBDt18BLOWjMUFJMSi/Qqg7NTYtabbvSNJGOJ7afbRuv9D/lngizHtP7QyLQ+9w==}
    engines: {node: '>=12'}

  dunder-proto@1.0.1:
    resolution: {integrity: sha512-KIN/nDJBQRcXw0MLVhZE9iQHmG68qAVIBg9CqmUYjmQIhgij9U5MFvrqkUL5FbtyyzZuOeOt0zdeRe4UY7ct+A==}
    engines: {node: '>= 0.4'}

  env-runner@0.1.6:
    resolution: {integrity: sha512-fSb7X1zdda8k6611a6/SdSQpDe7a/bqMz2UWdbHjk9YWzpUR4/fn9YtE/hqgGQ2nhvVN0zUtcL1SRMKwIsDbAA==}
    hasBin: true
    peerDependencies:
      miniflare: ^4.0.0
    peerDependenciesMeta:
      miniflare:
        optional: true

  es-define-property@1.0.1:
    resolution: {integrity: sha512-e3nRfgfUZ4rNGL232gUgX06QNyyez04KdjFrF+LTRoOXmrOgFKDg4BCdsjW8EnT69eqdYGmRpJwiPVYNrCaW3g==}
    engines: {node: '>= 0.4'}

  es-errors@1.3.0:
    resolution: {integrity: sha512-Zf5H2Kxt2xjTvbJvP2ZWLEICxA6j+hAmMzIlypy4xcBg1vKVnx89Wy0GbS+kf5cwCVFFzdCFh2XSCFNULS6csw==}
    engines: {node: '>= 0.4'}

  es-object-atoms@1.1.1:
    resolution: {integrity: sha512-FGgH2h8zKNim9ljj7dankFPcICIK9Cp5bm+c2gQSYePhpaG5+esrLODihIorn+Pe6FGJzWhXQotPv73jTaldXA==}
    engines: {node: '>= 0.4'}

  es-set-tostringtag@2.1.0:
    resolution: {integrity: sha512-j6vWzfrGVfyXxge+O0x5sh6cvxAog0a/4Rdd2K36zCMV5eJ+/+tOAngRO8cODMNWbVRdVlmGZQL2YS3yR8bIUA==}
    engines: {node: '>= 0.4'}

  escape-string-regexp@1.0.5:
    resolution: {integrity: sha512-vbRorB5FUQWvla16U8R/qgaFIya2qGzwDrNmCZuYKrbdSUMG6I1ZCGQRefkRVhuOkIGVne7BQ35DSfo1qvJqFg==}
    engines: {node: '>=0.8.0'}

  evlog@2.9.0:
    resolution: {integrity: sha512-35KH310FGVVNDYk4mRggnMq+haLFXFcqgsZRBO6XQN44yQDMEEhL5KKelOi3wQRSAaFEdnKrU3zw5q8acJpX9Q==}
    peerDependencies:
      '@nestjs/common': '>=11.1.17'
      '@nuxt/kit': ^4.4.2
      ai: '>=6.0.116'
      elysia: '>=1.4.27'
      express: '>=5.2.1'
      fastify: '>=5.8.2'
      h3: ^1.15.6
      hono: ''
      next: '>=16.1.6'
      nitro: ^3.0.260311-beta
      nitropack: ^2.13.1
      ofetch: ^1.5.1
      react: '>=19.2.4'
      react-router: '>=7.9.0'
      vite: ^7.0.0 || ^8.0.0
    peerDependenciesMeta:
      '@nestjs/common':
        optional: true
      '@nuxt/kit':
        optional: true
      ai:
        optional: true
      elysia:
        optional: true
      express:
        optional: true
      fastify:
        optional: true
      h3:
        optional: true
      hono:
        optional: true
      next:
        optional: true
      nitro:
        optional: true
      nitropack:
        optional: true
      ofetch:
        optional: true
      react:
        optional: true
      react-router:
        optional: true
      vite:
        optional: true

  exsolve@1.0.8:
    resolution: {integrity: sha512-LmDxfWXwcTArk8fUEnOfSZpHOJ6zOMUJKOtFLFqJLoKJetuQG874Uc7/Kki7zFLzYybmZhp1M7+98pfMqeX8yA==}

  form-data@4.0.4:
    resolution: {integrity: sha512-KrGhL9Q4zjj0kiUt5OO4Mr/A/jlI2jDYs5eHBpYHPcBEVSiipAvn2Ko2HnPe20rmcuuvMHNdZFp+4IlGTMF0Ow==}
    engines: {node: '>= 6'}

  function-bind@1.1.2:
    resolution: {integrity: sha512-7XHNxH7qX9xG5mIwxkhumTox/MIRNcOgDrxWsMt2pAr23WHp6MrRlN7FBSFpCpr+oVO0F744iUgR82nJMfG2SA==}

  get-intrinsic@1.3.0:
    resolution: {integrity: sha512-9fSjSaos/fRIVIp+xSJlE6lfwhES7LNtKaCBIamHsjr2na1BiABJPo0mOjjz8GJDURarmCPGqaiVg5mfjb98CQ==}
    engines: {node: '>= 0.4'}

  get-proto@1.0.1:
    resolution: {integrity: sha512-sTSfBjoXBp89JvIKIefqw7U2CCebsc74kiY6awiGogKtoSGbgjYE/G/+l9sF3MWFPNc9IcoOC4ODfKHfxFmp0g==}
    engines: {node: '>= 0.4'}

  giget@2.0.0:
    resolution: {integrity: sha512-L5bGsVkxJbJgdnwyuheIunkGatUF/zssUoxxjACCseZYAVbaqdh9Tsmmlkl8vYan09H7sbvKt4pS8GqKLBrEzA==}
    hasBin: true

  gopd@1.2.0:
    resolution: {integrity: sha512-ZUKRh6/kUFoAiTAtTYPZJ3hw9wNxx+BIBOijnlG9PnrJsCcSjs1wyyD6vJpaYtgnzDrKYRSqf3OO6Rfa93xsRg==}
    engines: {node: '>= 0.4'}

  h3@2.0.1-rc.18:
    resolution: {integrity: sha512-2EdYEOIJwZHfhfdxvqZsmmUz4tgwzQSuzre+l50j+voHJV4m7j3zw2lYLgHoyfkCF9EAZcaH4ea0zH/hgcs9Yg==}
    engines: {node: '>=20.11.1'}
    hasBin: true
    peerDependencies:
      crossws: ^0.4.1
    peerDependenciesMeta:
      crossws:
        optional: true

  has-flag@3.0.0:
    resolution: {integrity: sha512-sKJf1+ceQBr4SMkvQnBDNDtf4TXpVhVGateu0t918bl30FnbE2m4vNLX+VWe/dpjlb+HugGYzW7uQXH98HPEYw==}
    engines: {node: '>=4'}

  has-symbols@1.1.0:
    resolution: {integrity: sha512-1cDNdwJ2Jaohmb3sg4OmKaMBwuC48sYni5HUw2DvsC8LjGTLK9h+eb1X6RyuOHe4hT0ULCW68iomhjUoKUqlPQ==}
    engines: {node: '>= 0.4'}

  has-tostringtag@1.0.2:
    resolution: {integrity: sha512-NqADB8VjPFLM2V0VvHUewwwsw0ZWBaIdgo+ieHtK3hasLz4qeCRjYcqfB6AQrBggRKppKF8L52/VqdVsO47Dlw==}
    engines: {node: '>= 0.4'}

  hasown@2.0.2:
    resolution: {integrity: sha512-0hJU9SCPvmMzIBdZFqNPXWa6dqh7WdH0cII9y+CyS8rG3nL48Bclra9HmKhVVUHyPWNH5Y7xDwAB7bfgSjkUMQ==}
    engines: {node: '>= 0.4'}

  hookable@6.1.0:
    resolution: {integrity: sha512-ZoKZSJgu8voGK2geJS+6YtYjvIzu9AOM/KZXsBxr83uhLL++e9pEv/dlgwgy3dvHg06kTz6JOh1hk3C8Ceiymw==}

  httpxy@0.3.1:
    resolution: {integrity: sha512-XjG/CEoofEisMrnFr0D6U6xOZ4mRfnwcYQ9qvvnT4lvnX8BoeA3x3WofB75D+vZwpaobFVkBIHrZzoK40w8XSw==}

  immediate@3.0.6:
    resolution: {integrity: sha512-XXOFtyqDjNDAQxVfYxuF7g9Il/IbWmmlQg2MYKOH8ExIT1qg6xc4zyS3HaEEATgs1btfzxq15ciUiY7gjSXRGQ==}

  inherits@2.0.4:
    resolution: {integrity: sha512-k/vGaX4/Yla3WzyMCvTQOXYeIHvqOKtnqBduzTHpzpQZzAskKMhZ2K+EnBiSM9zGSoIFeMpXKxa4dYeZIQqewQ==}

  isarray@1.0.0:
    resolution: {integrity: sha512-VLghIWNM6ELQzo7zwmcg0NmTVyWKYjvIeM83yjp0wRDTmUnrM678fQbcKBo6n2CJEF0szoG//ytg+TKla89ALQ==}

  isomorphic-cometd@1.1.0:
    resolution: {integrity: sha512-o0iUTH562Ierb3mhtiwDZWLmfGUxu6PF7sCcX9KjvBJM91h3kHBOdNhTNqgEgSoco+UvgCBBsT7Ec0oPo9xgKQ==}
    peerDependencies:
      cometd: '>= 3.1.4'
      cometd-nodejs-client: '>= 1.0.2'

  jiti@2.6.1:
    resolution: {integrity: sha512-ekilCSN1jwRvIbgeg/57YFh8qQDNbwDb9xT/qu2DAHbFFZUicIl4ygVaAvzveMhMVr3LnpSKTNnwt8PoOfmKhQ==}
    hasBin: true

  jszip@3.10.1:
    resolution: {integrity: sha512-xXDvecyTpGLrqFrvkrUSoxxfJI5AH7U8zxxtVclpsUtMCq4JQ290LY8AW5c7Ggnr/Y/oK+bQMbqK2qmtk3pN4g==}

  lie@3.3.0:
    resolution: {integrity: sha512-UaiMJzeWRlEujzAuw5LokY1L5ecNQYZKfmyZ9L7wDHb/p5etKaxXhohBcrw0EYby+G/NA52vRSN4N39dxHAIwQ==}

  math-intrinsics@1.1.0:
    resolution: {integrity: sha512-/IXtbwEk5HTPyEwyKX6hGkYXxM9nbj64B+ilVJnC/R6B0pH5G4V3b0pVbL7DBj4tkhBAppbQUlf6F6Xl9LHu1g==}
    engines: {node: '>= 0.4'}

  mime-db@1.52.0:
    resolution: {integrity: sha512-sPU4uV7dYlvtWJxwwxHD0PuihVNiE7TyAbQ5SWxDCB9mUYvOgroQOwYQQOKPJ8CIbE+1ETVlOoK1UC2nU3gYvg==}
    engines: {node: '>= 0.6'}

  mime-types@2.1.35:
    resolution: {integrity: sha512-ZDY+bPm5zTTF+YpCrAU9nK0UgICYPT0QtT1NZWFv4s++TNkcgVaT0g6+4R2uI4MjQjzysHB1zxuWL50hzaeXiw==}
    engines: {node: '>= 0.6'}

  mimic-fn@2.1.0:
    resolution: {integrity: sha512-OqbOk5oEQeAZ8WXWydlu9HJjz9WVdEIvamMCcXmuqUYjTknH/sqsWvhQ3vgwKFRR1HpjvNBKQ37nbJgYzGqGcg==}
    engines: {node: '>=6'}

  nf3@0.3.13:
    resolution: {integrity: sha512-drDt0yl4d/yUhlpD0GzzqahSpA5eUNeIfFq0/aoZb0UlPY0ZwP4u1EfREVvZrYdEnJ3OU9Le9TrzbvWgEkkeKw==}

  nitro@3.0.260311-beta:
    resolution: {integrity: sha512-0o0fJ9LUh4WKUqJNX012jyieUOtMCnadkNDWr0mHzdraoHpJP/1CGNefjRyZyMXSpoJfwoWdNEZu2iGf35TUvQ==}
    engines: {node: ^20.19.0 || >=22.12.0}
    hasBin: true
    peerDependencies:
      dotenv: '*'
      giget: '*'
      jiti: ^2.6.1
      rollup: ^4.59.0
      vite: ^7 || ^8 || >=8.0.0-0
      xml2js: ^0.6.2
      zephyr-agent: ^0.1.15
    peerDependenciesMeta:
      dotenv:
        optional: true
      giget:
        optional: true
      jiti:
        optional: true
      rollup:
        optional: true
      vite:
        optional: true
      xml2js:
        optional: true
      zephyr-agent:
        optional: true

  node-fetch-native@1.6.7:
    resolution: {integrity: sha512-g9yhqoedzIUm0nTnTqAQvueMPVOuIY16bqgAJJC8XOOubYFNwz6IER9qs0Gq2Xd0+CecCKFjtdDTMA4u4xG06Q==}

  node-fetch@2.7.0:
    resolution: {integrity: sha512-c4FRfUm/dbcWZ7U+1Wq0AwCyFL+3nt2bEw05wfxSz+DWpWsitgmSgYmy2dQdWyKC1694ELPqMs/YzUSNozLt8A==}
    engines: {node: 4.x || >=6.0.0}
    peerDependencies:
      encoding: ^0.1.0
    peerDependenciesMeta:
      encoding:
        optional: true

  nypm@0.6.4:
    resolution: {integrity: sha512-1TvCKjZyyklN+JJj2TS3P4uSQEInrM/HkkuSXsEzm1ApPgBffOn8gFguNnZf07r/1X6vlryfIqMUkJKQMzlZiw==}
    engines: {node: '>=18'}
    hasBin: true

  ocache@0.1.4:
    resolution: {integrity: sha512-e7geNdWjxSnvsSgvLuPvgKgu7ubM10ZmTPOgpr7mz2BXYtvjMKTiLhjFi/gWU8chkuP6hNkZBsa9LzOusyaqkQ==}

  ofetch@2.0.0-alpha.3:
    resolution: {integrity: sha512-zpYTCs2byOuft65vI3z43Dd6iSdFbOZZLb9/d21aCpx2rGastVU9dOCv0lu4ykc1Ur1anAYjDi3SUvR0vq50JA==}

  ohash@2.0.11:
    resolution: {integrity: sha512-RdR9FQrFwNBNXAr4GixM8YaRZRJ5PUWbKYbE5eOsrwAjJW0q2REGcf79oYPsLyskQCZG1PLN+S/K1V00joZAoQ==}

  onetime@5.1.2:
    resolution: {integrity: sha512-kbpaSSGJTWdAY5KPVeMOKXSrPtr8C8C7wodJbcsd51jRnmD+GZu8Y0VoU6Dm5Z4vWr0Ig/1NKuWRKf7j5aaYSg==}
    engines: {node: '>=6'}

  pako@1.0.11:
    resolution: {integrity: sha512-4hLB8Py4zZce5s4yd9XzopqwVv/yGNhV1Bl8NTmCq1763HeK2+EwVTv+leGeL13Dnh2wfbqowVPXCIO0z4taYw==}

  pathe@2.0.3:
    resolution: {integrity: sha512-WUjGcAqP1gQacoQe+OBJsFA7Ld4DyXuUIjZ5cc75cLHvJ7dtNsTugphxIADwspS+AraAUePCKrSVtPLFj/F88w==}

  pkg-types@2.3.0:
    resolution: {integrity: sha512-SIqCzDRg0s9npO5XQ3tNZioRY1uK06lA41ynBC1YmFTmnY6FjUjVt6s4LoADmwoig1qqD0oK8h1p/8mlMx8Oig==}

  process-nextick-args@2.0.1:
    resolution: {integrity: sha512-3ouUOpQhtgrbOa17J7+uxOTpITYWaGP7/AhoR3+A+/1e9skrzelGi/dXzEYyvbxubEF6Wn2ypscTKiKJFFn1ag==}

  rc9@3.0.0:
    resolution: {integrity: sha512-MGOue0VqscKWQ104udASX/3GYDcKyPI4j4F8gu/jHHzglpmy9a/anZK3PNe8ug6aZFl+9GxLtdhe3kVZuMaQbA==}

  readable-stream@2.3.8:
    resolution: {integrity: sha512-8p0AUk4XODgIewSi0l8Epjs+EVnWiK7NoDIEGU0HhE7+ZyY8D1IMY7odu5lRrFXGg71L15KG8QrPmum45RTtdA==}

  readdirp@5.0.0:
    resolution: {integrity: sha512-9u/XQ1pvrQtYyMpZe7DXKv2p5CNvyVwzUB6uhLAnQwHMSgKMBR62lc7AHljaeteeHXn11XTAaLLUVZYVZyuRBQ==}
    engines: {node: '>= 20.19.0'}

  restore-cursor@3.1.0:
    resolution: {integrity: sha512-l+sSefzHpj5qimhFSE5a8nufZYAM3sBSVMAPtYkmC+4EH2anSGaEMXSD0izRQbu9nfyQ9y5JrVmp7E8oZrUjvA==}
    engines: {node: '>=8'}

  rolldown@1.0.0-rc.10:
    resolution: {integrity: sha512-q7j6vvarRFmKpgJUT8HCAUljkgzEp4LAhPlJUvQhA5LA1SUL36s5QCysMutErzL3EbNOZOkoziSx9iZC4FddKA==}
    engines: {node: ^20.19.0 || >=22.12.0}
    hasBin: true

  rolldown@1.0.0-rc.2:
    resolution: {integrity: sha512-1g/8Us9J8sgJGn3hZfBecX1z4U3y5KO7V/aV2U1M/9UUzLNqHA8RfFQ/NPT7HLxOIldyIgrcjaYTRvA81KhJIg==}
    engines: {node: ^20.19.0 || >=22.12.0}
    hasBin: true

  rou3@0.8.1:
    resolution: {integrity: sha512-ePa+XGk00/3HuCqrEnK3LxJW7I0SdNg6EFzKUJG73hMAdDcOUC/i/aSz7LSDwLrGr33kal/rqOGydzwl6U7zBA==}

  safe-buffer@5.1.2:
    resolution: {integrity: sha512-Gd2UZBJDkXlY7GbJxfsE8/nvKkUEU1G38c1siN6QP6a9PT9MmHB8GnpscSmMJSoF8LOIrt8ud/wPtojys4G6+g==}

  setimmediate@1.0.5:
    resolution: {integrity: sha512-MATJdZp8sLqDl/68LfQmbP8zKPLQNV6BIZoIgrscFDQ+RsvK/BxeDQOgyxKKoh0y/8h3BqVFnCqQ/gd+reiIXA==}

  signal-exit@3.0.7:
    resolution: {integrity: sha512-wnD2ZE+l+SPC/uoS0vXeE9L1+0wuaMqKlfz9AMUo38JsyLSBWSFcHR1Rri62LZc12vLr1gb3jl7iwQhgwpAbGQ==}

  spinnies@0.5.1:
    resolution: {integrity: sha512-WpjSXv9NQz0nU3yCT9TFEOfpFrXADY9C5fG6eAJqixLhvTX1jP3w92Y8IE5oafIe42nlF9otjhllnXN/QCaB3A==}

  srvx@0.11.12:
    resolution: {integrity: sha512-AQfrGqntqVPXgP03pvBDN1KyevHC+KmYVqb8vVf4N+aomQqdhaZxjvoVp+AOm4u6x+GgNQY3MVzAUIn+TqwkOA==}
    engines: {node: '>=20.16.0'}
    hasBin: true

  string_decoder@1.1.1:
    resolution: {integrity: sha512-n/ShnvDi6FHbbVfviro+WojiFzv+s8MPMHBczVePfUpDJLwoLT0ht1l4YwBCbi8pJAveEEdnkHyPyTP/mzRfwg==}

  strip-ansi@5.2.0:
    resolution: {integrity: sha512-DuRs1gKbBqsMKIZlrffwlug8MHkcnpjs5VPmL1PAh+mA30U0DTotfDZ0d2UUsXpPmPmMMJ6W773MaA3J+lbiWA==}
    engines: {node: '>=6'}

  supports-color@5.5.0:
    resolution: {integrity: sha512-QjVjwdXIt408MIiAqCX4oUKsgU2EqAGzs2Ppkm4aQYbjm+ZEWEcW4SfFNTr4uMNZma0ey4f5lgLrkB0aX0QMow==}
    engines: {node: '>=4'}

  tinyexec@1.0.4:
    resolution: {integrity: sha512-u9r3uZC0bdpGOXtlxUIdwf9pkmvhqJdrVCH9fapQtgy/OeTTMZ1nqH7agtvEfmGui6e1XxjcdrlxvxJvc3sMqw==}
    engines: {node: '>=18'}

  tr46@0.0.3:
    resolution: {integrity: sha512-N3WMsuqV66lT30CrXNbEjx4GEwlow3v6rr4mCcv6prnfwhS01rkgyFdjPNBYd9br7LpXV1+Emh01fHnq2Gdgrw==}

  tslib@2.8.1:
    resolution: {integrity: sha512-oJFu94HQb+KVduSUQL7wnpmqnfmLsOA/nAh6b6EH0wCEoK0/mPeXU6c3wKDV83MkOuHPRHtSXKKU99IBazS/2w==}

  undici-types@6.21.0:
    resolution: {integrity: sha512-iwDZqg0QAGrg9Rav5H4n0M64c3mkR59cJ6wQp+7C4nI0gsmExaedaYLNO44eT4AtBBwjbTiGPMlt2Md0T9H9JQ==}

  unenv@2.0.0-rc.24:
    resolution: {integrity: sha512-i7qRCmY42zmCwnYlh9H2SvLEypEFGye5iRmEMKjcGi7zk9UquigRjFtTLz0TYqr0ZGLZhaMHl/foy1bZR+Cwlw==}

  unstorage@2.0.0-alpha.7:
    resolution: {integrity: sha512-ELPztchk2zgFJnakyodVY3vJWGW9jy//keJ32IOJVGUMyaPydwcA1FtVvWqT0TNRch9H+cMNEGllfVFfScImog==}
    peerDependencies:
      '@azure/app-configuration': ^1.11.0
      '@azure/cosmos': ^4.9.1
      '@azure/data-tables': ^13.3.2
      '@azure/identity': ^4.13.0
      '@azure/keyvault-secrets': ^4.10.0
      '@azure/storage-blob': ^12.31.0
      '@capacitor/preferences': ^6 || ^7 || ^8
      '@deno/kv': '>=0.13.0'
      '@netlify/blobs': ^6.5.0 || ^7.0.0 || ^8.1.0 || ^9.0.0 || ^10.0.0
      '@planetscale/database': ^1.19.0
      '@upstash/redis': ^1.36.2
      '@vercel/blob': '>=0.27.3'
      '@vercel/functions': ^2.2.12 || ^3.0.0
      '@vercel/kv': ^1.0.1
      aws4fetch: ^1.0.20
      chokidar: ^4 || ^5
      db0: '>=0.3.4'
      idb-keyval: ^6.2.2
      ioredis: ^5.9.3
      lru-cache: ^11.2.6
      mongodb: ^6 || ^7
      ofetch: '*'
      uploadthing: ^7.7.4
    peerDependenciesMeta:
      '@azure/app-configuration':
        optional: true
      '@azure/cosmos':
        optional: true
      '@azure/data-tables':
        optional: true
      '@azure/identity':
        optional: true
      '@azure/keyvault-secrets':
        optional: true
      '@azure/storage-blob':
        optional: true
      '@capacitor/preferences':
        optional: true
      '@deno/kv':
        optional: true
      '@netlify/blobs':
        optional: true
      '@planetscale/database':
        optional: true
      '@upstash/redis':
        optional: true
      '@vercel/blob':
        optional: true
      '@vercel/functions':
        optional: true
      '@vercel/kv':
        optional: true
      aws4fetch:
        optional: true
      chokidar:
        optional: true
      db0:
        optional: true
      idb-keyval:
        optional: true
      ioredis:
        optional: true
      lru-cache:
        optional: true
      mongodb:
        optional: true
      ofetch:
        optional: true
      uploadthing:
        optional: true

  util-deprecate@1.0.2:
    resolution: {integrity: sha512-EPD5q1uXyFxJpCrLnCc1nHnq3gOa6DZBocAIiI2TaSCA7VCJ1UJDMagCzIkXNsUYfD1daK//LTEQ8xiIbrHtcw==}

  webidl-conversions@3.0.1:
    resolution: {integrity: sha512-2JAn3z8AR6rjK8Sm8orRC0h/bcl/DqL7tRPdGZ4I1CjdF+EaMLmYxBHyXuKL849eucPFhvBoxMsflfOb8kxaeQ==}

  whatwg-url@5.0.0:
    resolution: {integrity: sha512-saE57nupxk6v3HY35+jzBwYa0rKSy0XR8JSxZPwgLr7ys0IBzhGviA1/TUGJLmSVqs8pb9AnvICXEuOHLprYTw==}

snapshots:

  '@c8y/client@1023.22.6':
    dependencies:
      '@types/cometd': 4.0.8
      '@types/node': 20.19.30
      b2a: 1.1.2
      cometd: 4.0.8
      cometd-nodejs-client: 1.0.2
      cross-fetch: 4.1.0
      form-data: 4.0.4
      isomorphic-cometd: 1.1.0(cometd-nodejs-client@1.0.2)(cometd@4.0.8)
      tslib: 2.8.1
    transitivePeerDependencies:
      - encoding

  '@emnapi/core@1.8.1':
    dependencies:
      '@emnapi/wasi-threads': 1.1.0
      tslib: 2.8.1
    optional: true

  '@emnapi/runtime@1.8.1':
    dependencies:
      tslib: 2.8.1
    optional: true

  '@emnapi/wasi-threads@1.1.0':
    dependencies:
      tslib: 2.8.1
    optional: true

  '@napi-rs/wasm-runtime@1.1.1':
    dependencies:
      '@emnapi/core': 1.8.1
      '@emnapi/runtime': 1.8.1
      '@tybys/wasm-util': 0.10.1
    optional: true

  '@oxc-project/types@0.111.0': {}

  '@oxc-project/types@0.120.0': {}

  '@rolldown/binding-android-arm64@1.0.0-rc.10':
    optional: true

  '@rolldown/binding-android-arm64@1.0.0-rc.2':
    optional: true

  '@rolldown/binding-darwin-arm64@1.0.0-rc.10':
    optional: true

  '@rolldown/binding-darwin-arm64@1.0.0-rc.2':
    optional: true

  '@rolldown/binding-darwin-x64@1.0.0-rc.10':
    optional: true

  '@rolldown/binding-darwin-x64@1.0.0-rc.2':
    optional: true

  '@rolldown/binding-freebsd-x64@1.0.0-rc.10':
    optional: true

  '@rolldown/binding-freebsd-x64@1.0.0-rc.2':
    optional: true

  '@rolldown/binding-linux-arm-gnueabihf@1.0.0-rc.10':
    optional: true

  '@rolldown/binding-linux-arm-gnueabihf@1.0.0-rc.2':
    optional: true

  '@rolldown/binding-linux-arm64-gnu@1.0.0-rc.10':
    optional: true

  '@rolldown/binding-linux-arm64-gnu@1.0.0-rc.2':
    optional: true

  '@rolldown/binding-linux-arm64-musl@1.0.0-rc.10':
    optional: true

  '@rolldown/binding-linux-arm64-musl@1.0.0-rc.2':
    optional: true

  '@rolldown/binding-linux-ppc64-gnu@1.0.0-rc.10':
    optional: true

  '@rolldown/binding-linux-s390x-gnu@1.0.0-rc.10':
    optional: true

  '@rolldown/binding-linux-x64-gnu@1.0.0-rc.10':
    optional: true

  '@rolldown/binding-linux-x64-gnu@1.0.0-rc.2':
    optional: true

  '@rolldown/binding-linux-x64-musl@1.0.0-rc.10':
    optional: true

  '@rolldown/binding-linux-x64-musl@1.0.0-rc.2':
    optional: true

  '@rolldown/binding-openharmony-arm64@1.0.0-rc.10':
    optional: true

  '@rolldown/binding-openharmony-arm64@1.0.0-rc.2':
    optional: true

  '@rolldown/binding-wasm32-wasi@1.0.0-rc.10':
    dependencies:
      '@napi-rs/wasm-runtime': 1.1.1
    optional: true

  '@rolldown/binding-wasm32-wasi@1.0.0-rc.2':
    dependencies:
      '@napi-rs/wasm-runtime': 1.1.1
    optional: true

  '@rolldown/binding-win32-arm64-msvc@1.0.0-rc.10':
    optional: true

  '@rolldown/binding-win32-arm64-msvc@1.0.0-rc.2':
    optional: true

  '@rolldown/binding-win32-x64-msvc@1.0.0-rc.10':
    optional: true

  '@rolldown/binding-win32-x64-msvc@1.0.0-rc.2':
    optional: true

  '@rolldown/pluginutils@1.0.0-rc.10': {}

  '@rolldown/pluginutils@1.0.0-rc.2': {}

  '@tybys/wasm-util@0.10.1':
    dependencies:
      tslib: 2.8.1
    optional: true

  '@types/cometd@4.0.8': {}

  '@types/node@20.19.30':
    dependencies:
      undici-types: 6.21.0

  ansi-regex@4.1.1: {}

  ansi-styles@3.2.1:
    dependencies:
      color-convert: 1.9.3

  asynckit@0.4.0: {}

  b2a@1.1.2: {}

  c12@4.0.0-beta.4(chokidar@5.0.0)(dotenv@17.2.3)(giget@2.0.0)(jiti@2.6.1):
    dependencies:
      confbox: 0.2.4
      defu: 6.1.4
      exsolve: 1.0.8
      pathe: 2.0.3
      pkg-types: 2.3.0
      rc9: 3.0.0
    optionalDependencies:
      chokidar: 5.0.0
      dotenv: 17.2.3
      giget: 2.0.0
      jiti: 2.6.1

  c8y-nitro@0.4.1(@c8y/client@1023.22.6)(chokidar@5.0.0)(dotenv@17.2.3)(giget@2.0.0)(jiti@2.6.1)(nitro@3.0.260311-beta(chokidar@5.0.0)(dotenv@17.2.3)(giget@2.0.0)(jiti@2.6.1))(ofetch@2.0.0-alpha.3):
    dependencies:
      '@c8y/client': 1023.22.6
      c12: 4.0.0-beta.4(chokidar@5.0.0)(dotenv@17.2.3)(giget@2.0.0)(jiti@2.6.1)
      citty: 0.2.1
      consola: 3.4.2
      evlog: 2.9.0(nitro@3.0.260311-beta(chokidar@5.0.0)(dotenv@17.2.3)(giget@2.0.0)(jiti@2.6.1))(ofetch@2.0.0-alpha.3)
      jszip: 3.10.1
      nitro: 3.0.260311-beta(chokidar@5.0.0)(dotenv@17.2.3)(giget@2.0.0)(jiti@2.6.1)
      pathe: 2.0.3
      pkg-types: 2.3.0
      spinnies: 0.5.1
      tinyexec: 1.0.4
    transitivePeerDependencies:
      - '@nestjs/common'
      - '@nuxt/kit'
      - ai
      - chokidar
      - dotenv
      - elysia
      - express
      - fastify
      - giget
      - h3
      - hono
      - jiti
      - magicast
      - next
      - nitropack
      - ofetch
      - react
      - react-router
      - vite

  call-bind-apply-helpers@1.0.2:
    dependencies:
      es-errors: 1.3.0
      function-bind: 1.1.2

  chalk@2.4.2:
    dependencies:
      ansi-styles: 3.2.1
      escape-string-regexp: 1.0.5
      supports-color: 5.5.0

  chokidar@5.0.0:
    dependencies:
      readdirp: 5.0.0
    optional: true

  citty@0.1.6:
    dependencies:
      consola: 3.4.2
    optional: true

  citty@0.2.1: {}

  cli-cursor@3.1.0:
    dependencies:
      restore-cursor: 3.1.0

  color-convert@1.9.3:
    dependencies:
      color-name: 1.1.3

  color-name@1.1.3: {}

  combined-stream@1.0.8:
    dependencies:
      delayed-stream: 1.0.0

  cometd-nodejs-client@1.0.2: {}

  cometd@4.0.8: {}

  confbox@0.2.4: {}

  consola@3.4.2: {}

  core-util-is@1.0.3: {}

  cross-fetch@4.1.0:
    dependencies:
      node-fetch: 2.7.0
    transitivePeerDependencies:
      - encoding

  crossws@0.4.4(srvx@0.11.12):
    optionalDependencies:
      srvx: 0.11.12

  db0@0.3.4: {}

  defu@6.1.4: {}

  delayed-stream@1.0.0: {}

  destr@2.0.5: {}

  dotenv@17.2.3:
    optional: true

  dunder-proto@1.0.1:
    dependencies:
      call-bind-apply-helpers: 1.0.2
      es-errors: 1.3.0
      gopd: 1.2.0

  env-runner@0.1.6:
    dependencies:
      crossws: 0.4.4(srvx@0.11.12)
      httpxy: 0.3.1
      srvx: 0.11.12

  es-define-property@1.0.1: {}

  es-errors@1.3.0: {}

  es-object-atoms@1.1.1:
    dependencies:
      es-errors: 1.3.0

  es-set-tostringtag@2.1.0:
    dependencies:
      es-errors: 1.3.0
      get-intrinsic: 1.3.0
      has-tostringtag: 1.0.2
      hasown: 2.0.2

  escape-string-regexp@1.0.5: {}

  evlog@2.9.0(nitro@3.0.260311-beta(chokidar@5.0.0)(dotenv@17.2.3)(giget@2.0.0)(jiti@2.6.1))(ofetch@2.0.0-alpha.3):
    optionalDependencies:
      nitro: 3.0.260311-beta(chokidar@5.0.0)(dotenv@17.2.3)(giget@2.0.0)(jiti@2.6.1)
      ofetch: 2.0.0-alpha.3

  exsolve@1.0.8: {}

  form-data@4.0.4:
    dependencies:
      asynckit: 0.4.0
      combined-stream: 1.0.8
      es-set-tostringtag: 2.1.0
      hasown: 2.0.2
      mime-types: 2.1.35

  function-bind@1.1.2: {}

  get-intrinsic@1.3.0:
    dependencies:
      call-bind-apply-helpers: 1.0.2
      es-define-property: 1.0.1
      es-errors: 1.3.0
      es-object-atoms: 1.1.1
      function-bind: 1.1.2
      get-proto: 1.0.1
      gopd: 1.2.0
      has-symbols: 1.1.0
      hasown: 2.0.2
      math-intrinsics: 1.1.0

  get-proto@1.0.1:
    dependencies:
      dunder-proto: 1.0.1
      es-object-atoms: 1.1.1

  giget@2.0.0:
    dependencies:
      citty: 0.1.6
      consola: 3.4.2
      defu: 6.1.4
      node-fetch-native: 1.6.7
      nypm: 0.6.4
      pathe: 2.0.3
    optional: true

  gopd@1.2.0: {}

  h3@2.0.1-rc.18(crossws@0.4.4(srvx@0.11.12)):
    dependencies:
      rou3: 0.8.1
      srvx: 0.11.12
    optionalDependencies:
      crossws: 0.4.4(srvx@0.11.12)

  has-flag@3.0.0: {}

  has-symbols@1.1.0: {}

  has-tostringtag@1.0.2:
    dependencies:
      has-symbols: 1.1.0

  hasown@2.0.2:
    dependencies:
      function-bind: 1.1.2

  hookable@6.1.0: {}

  httpxy@0.3.1: {}

  immediate@3.0.6: {}

  inherits@2.0.4: {}

  isarray@1.0.0: {}

  isomorphic-cometd@1.1.0(cometd-nodejs-client@1.0.2)(cometd@4.0.8):
    dependencies:
      cometd: 4.0.8
      cometd-nodejs-client: 1.0.2

  jiti@2.6.1:
    optional: true

  jszip@3.10.1:
    dependencies:
      lie: 3.3.0
      pako: 1.0.11
      readable-stream: 2.3.8
      setimmediate: 1.0.5

  lie@3.3.0:
    dependencies:
      immediate: 3.0.6

  math-intrinsics@1.1.0: {}

  mime-db@1.52.0: {}

  mime-types@2.1.35:
    dependencies:
      mime-db: 1.52.0

  mimic-fn@2.1.0: {}

  nf3@0.3.13: {}

  nitro@3.0.260311-beta(chokidar@5.0.0)(dotenv@17.2.3)(giget@2.0.0)(jiti@2.6.1):
    dependencies:
      consola: 3.4.2
      crossws: 0.4.4(srvx@0.11.12)
      db0: 0.3.4
      env-runner: 0.1.6
      h3: 2.0.1-rc.18(crossws@0.4.4(srvx@0.11.12))
      hookable: 6.1.0
      nf3: 0.3.13
      ocache: 0.1.4
      ofetch: 2.0.0-alpha.3
      ohash: 2.0.11
      rolldown: 1.0.0-rc.10
      srvx: 0.11.12
      unenv: 2.0.0-rc.24
      unstorage: 2.0.0-alpha.7(chokidar@5.0.0)(db0@0.3.4)(ofetch@2.0.0-alpha.3)
    optionalDependencies:
      dotenv: 17.2.3
      giget: 2.0.0
      jiti: 2.6.1
    transitivePeerDependencies:
      - '@azure/app-configuration'
      - '@azure/cosmos'
      - '@azure/data-tables'
      - '@azure/identity'
      - '@azure/keyvault-secrets'
      - '@azure/storage-blob'
      - '@capacitor/preferences'
      - '@deno/kv'
      - '@electric-sql/pglite'
      - '@libsql/client'
      - '@netlify/blobs'
      - '@planetscale/database'
      - '@upstash/redis'
      - '@vercel/blob'
      - '@vercel/functions'
      - '@vercel/kv'
      - aws4fetch
      - better-sqlite3
      - chokidar
      - drizzle-orm
      - idb-keyval
      - ioredis
      - lru-cache
      - miniflare
      - mongodb
      - mysql2
      - sqlite3
      - uploadthing

  node-fetch-native@1.6.7:
    optional: true

  node-fetch@2.7.0:
    dependencies:
      whatwg-url: 5.0.0

  nypm@0.6.4:
    dependencies:
      citty: 0.2.1
      pathe: 2.0.3
      tinyexec: 1.0.4
    optional: true

  ocache@0.1.4:
    dependencies:
      ohash: 2.0.11

  ofetch@2.0.0-alpha.3: {}

  ohash@2.0.11: {}

  onetime@5.1.2:
    dependencies:
      mimic-fn: 2.1.0

  pako@1.0.11: {}

  pathe@2.0.3: {}

  pkg-types@2.3.0:
    dependencies:
      confbox: 0.2.4
      exsolve: 1.0.8
      pathe: 2.0.3

  process-nextick-args@2.0.1: {}

  rc9@3.0.0:
    dependencies:
      defu: 6.1.4
      destr: 2.0.5

  readable-stream@2.3.8:
    dependencies:
      core-util-is: 1.0.3
      inherits: 2.0.4
      isarray: 1.0.0
      process-nextick-args: 2.0.1
      safe-buffer: 5.1.2
      string_decoder: 1.1.1
      util-deprecate: 1.0.2

  readdirp@5.0.0:
    optional: true

  restore-cursor@3.1.0:
    dependencies:
      onetime: 5.1.2
      signal-exit: 3.0.7

  rolldown@1.0.0-rc.10:
    dependencies:
      '@oxc-project/types': 0.120.0
      '@rolldown/pluginutils': 1.0.0-rc.10
    optionalDependencies:
      '@rolldown/binding-android-arm64': 1.0.0-rc.10
      '@rolldown/binding-darwin-arm64': 1.0.0-rc.10
      '@rolldown/binding-darwin-x64': 1.0.0-rc.10
      '@rolldown/binding-freebsd-x64': 1.0.0-rc.10
      '@rolldown/binding-linux-arm-gnueabihf': 1.0.0-rc.10
      '@rolldown/binding-linux-arm64-gnu': 1.0.0-rc.10
      '@rolldown/binding-linux-arm64-musl': 1.0.0-rc.10
      '@rolldown/binding-linux-ppc64-gnu': 1.0.0-rc.10
      '@rolldown/binding-linux-s390x-gnu': 1.0.0-rc.10
      '@rolldown/binding-linux-x64-gnu': 1.0.0-rc.10
      '@rolldown/binding-linux-x64-musl': 1.0.0-rc.10
      '@rolldown/binding-openharmony-arm64': 1.0.0-rc.10
      '@rolldown/binding-wasm32-wasi': 1.0.0-rc.10
      '@rolldown/binding-win32-arm64-msvc': 1.0.0-rc.10
      '@rolldown/binding-win32-x64-msvc': 1.0.0-rc.10

  rolldown@1.0.0-rc.2:
    dependencies:
      '@oxc-project/types': 0.111.0
      '@rolldown/pluginutils': 1.0.0-rc.2
    optionalDependencies:
      '@rolldown/binding-android-arm64': 1.0.0-rc.2
      '@rolldown/binding-darwin-arm64': 1.0.0-rc.2
      '@rolldown/binding-darwin-x64': 1.0.0-rc.2
      '@rolldown/binding-freebsd-x64': 1.0.0-rc.2
      '@rolldown/binding-linux-arm-gnueabihf': 1.0.0-rc.2
      '@rolldown/binding-linux-arm64-gnu': 1.0.0-rc.2
      '@rolldown/binding-linux-arm64-musl': 1.0.0-rc.2
      '@rolldown/binding-linux-x64-gnu': 1.0.0-rc.2
      '@rolldown/binding-linux-x64-musl': 1.0.0-rc.2
      '@rolldown/binding-openharmony-arm64': 1.0.0-rc.2
      '@rolldown/binding-wasm32-wasi': 1.0.0-rc.2
      '@rolldown/binding-win32-arm64-msvc': 1.0.0-rc.2
      '@rolldown/binding-win32-x64-msvc': 1.0.0-rc.2

  rou3@0.8.1: {}

  safe-buffer@5.1.2: {}

  setimmediate@1.0.5: {}

  signal-exit@3.0.7: {}

  spinnies@0.5.1:
    dependencies:
      chalk: 2.4.2
      cli-cursor: 3.1.0
      strip-ansi: 5.2.0

  srvx@0.11.12: {}

  string_decoder@1.1.1:
    dependencies:
      safe-buffer: 5.1.2

  strip-ansi@5.2.0:
    dependencies:
      ansi-regex: 4.1.1

  supports-color@5.5.0:
    dependencies:
      has-flag: 3.0.0

  tinyexec@1.0.4: {}

  tr46@0.0.3: {}

  tslib@2.8.1: {}

  undici-types@6.21.0: {}

  unenv@2.0.0-rc.24:
    dependencies:
      pathe: 2.0.3

  unstorage@2.0.0-alpha.7(chokidar@5.0.0)(db0@0.3.4)(ofetch@2.0.0-alpha.3):
    optionalDependencies:
      chokidar: 5.0.0
      db0: 0.3.4
      ofetch: 2.0.0-alpha.3

  util-deprecate@1.0.2: {}

  webidl-conversions@3.0.1: {}

  whatwg-url@5.0.0:
    dependencies:
      tr46: 0.0.3
      webidl-conversions: 3.0.1
